// !$*UTF8*$!
{
	archiveVersion = 1;
	classes = {
	};
	objectVersion = 50;
	objects = {

/* Begin PBXBuildFile section */
		EDF3D52826FD49F600371ED3 /* design2App.swift in Sources */ = {isa = PBXBuildFile; fileRef = EDF3D52726FD49F600371ED3 /* design2App.swift */; };
		EDF3D52A26FD49F600371ED3 /* ContentView.swift in Sources */ = {isa = PBXBuildFile; fileRef = EDF3D52926FD49F600371ED3 /* ContentView.swift */; };
		EDF3D52C26FD49F900371ED3 /* Assets.xcassets in Resources */ = {isa = PBXBuildFile; fileRef = EDF3D52B26FD49F900371ED3 /* Assets.xcassets */; };
		EDF3D52F26FD49F900371ED3 /* Preview Assets.xcassets in Resources */ = {isa = PBXBuildFile; fileRef = EDF3D52E26FD49F900371ED3 /* Preview Assets.xcassets */; };
		EDF3D53A26FD49FA00371ED3 /* design2Tests.swift in Sources */ = {isa = PBXBuildFile; fileRef = EDF3D53926FD49FA00371ED3 /* design2Tests.swift */; };
		EDF3D54526FD49FA00371ED3 /* design2UITests.swift in Sources */ = {isa = PBXBuildFile; fileRef = EDF3D54426FD49FA00371ED3 /* design2UITests.swift */; };
		EDF3D55326FD4A0700371ED3 /* design2.swift in Sources */ = {isa = PBXBuildFile; fileRef = EDF3D55226FD4A0700371ED3 /* design2.swift */; };
/* End PBXBuildFile section */

/* Begin PBXContainerItemProxy section */
		EDF3D53626FD49FA00371ED3 /* PBXContainerItemProxy */ = {
			isa = PBXContainerItemProxy;
			containerPortal = EDF3D51C26FD49F600371ED3 /* Project object */;
			proxyType = 1;
			remoteGlobalIDString = EDF3D52326FD49F600371ED3;
			remoteInfo = design2;
		};
		EDF3D54126FD49FA00371ED3 /* PBXContainerItemProxy */ = {
			isa = PBXContainerItemProxy;
			containerPortal = EDF3D51C26FD49F600371ED3 /* Project object */;
			proxyType = 1;
			remoteGlobalIDString = EDF3D52326FD49F600371ED3;
			remoteInfo = design2;
		};
/* End PBXContainerItemProxy section */

/* Begin PBXFileReference section */
		EDF3D52426FD49F600371ED3 /* design2.app */ = {isa = PBXFileReference; explicitFileType = wrapper.application; includeInIndex = 0; path = design2.app; sourceTree = BUILT_PRODUCTS_DIR; };
		EDF3D52726FD49F600371ED3 /* design2App.swift */ = {isa = PBXFileReference; lastKnownFileType = sourcecode.swift; path = design2App.swift; sourceTree = "<group>"; };
		EDF3D52926FD49F600371ED3 /* ContentView.swift */ = {isa = PBXFileReference; lastKnownFileType = sourcecode.swift; path = ContentView.swift; sourceTree = "<group>"; };
		EDF3D52B26FD49F900371ED3 /* Assets.xcassets */ = {isa = PBXFileReference; lastKnownFileType = folder.assetcatalog; path = Assets.xcassets; sourceTree = "<group>"; };
		EDF3D52E26FD49F900371ED3 /* Preview Assets.xcassets */ = {isa = PBXFileReference; lastKnownFileType = folder.assetcatalog; path = "Preview Assets.xcassets"; sourceTree = "<group>"; };
		EDF3D53026FD49F900371ED3 /* Info.plist */ = {isa = PBXFileReference; lastKnownFileType = text.plist.xml; path = Info.plist; sourceTree = "<group>"; };
		EDF3D53526FD49FA00371ED3 /* design2Tests.xctest */ = {isa = PBXFileReference; explicitFileType = wrapper.cfbundle; includeInIndex = 0; path = design2Tests.xctest; sourceTree = BUILT_PRODUCTS_DIR; };
		EDF3D53926FD49FA00371ED3 /* design2Tests.swift */ = {isa = PBXFileReference; lastKnownFileType = sourcecode.swift; path = design2Tests.swift; sourceTree = "<group>"; };
		EDF3D53B26FD49FA00371ED3 /* Info.plist */ = {isa = PBXFileReference; lastKnownFileType = text.plist.xml; path = Info.plist; sourceTree = "<group>"; };
		EDF3D54026FD49FA00371ED3 /* design2UITests.xctest */ = {isa = PBXFileReference; explicitFileType = wrapper.cfbundle; includeInIndex = 0; path = design2UITests.xctest; sourceTree = BUILT_PRODUCTS_DIR; };
		EDF3D54426FD49FA00371ED3 /* design2UITests.swift */ = {isa = PBXFileReference; lastKnownFileType = sourcecode.swift; path = design2UITests.swift; sourceTree = "<group>"; };
		EDF3D54626FD49FA00371ED3 /* Info.plist */ = {isa = PBXFileReference; lastKnownFileType = text.plist.xml; path = Info.plist; sourceTree = "<group>"; };
		EDF3D55226FD4A0700371ED3 /* design2.swift */ = {isa = PBXFileReference; lastKnownFileType = sourcecode.swift; path = design2.swift; sourceTree = "<group>"; };
/* End PBXFileReference section */

/* Begin PBXFrameworksBuildPhase section */
		EDF3D52126FD49F600371ED3 /* Frameworks */ = {
			isa = PBXFrameworksBuildPhase;
			buildActionMask = 2147483647;
			files = (
			);
			runOnlyForDeploymentPostprocessing = 0;
		};
		EDF3D53226FD49FA00371ED3 /* Frameworks */ = {
			isa = PBXFrameworksBuildPhase;
			buildActionMask = 2147483647;
			files = (
			);
			runOnlyForDeploymentPostprocessing = 0;
		};
		EDF3D53D26FD49FA00371ED3 /* Frameworks */ = {
			isa = PBXFrameworksBuildPhase;
			buildActionMask = 2147483647;
			files = (
			);
			runOnlyForDeploymentPostprocessing = 0;
		};
/* End PBXFrameworksBuildPhase section */

/* Begin PBXGroup section */
		EDF3D51B26FD49F600371ED3 = {
			isa = PBXGroup;
			children = (
				EDF3D52626FD49F600371ED3 /* design2 */,
				EDF3D53826FD49FA00371ED3 /* design2Tests */,
				EDF3D54326FD49FA00371ED3 /* design2UITests */,
				EDF3D52526FD49F600371ED3 /* Products */,
			);
			sourceTree = "<group>";
		};
		EDF3D52526FD49F600371ED3 /* Products */ = {
			isa = PBXGroup;
			children = (
				EDF3D52426FD49F600371ED3 /* design2.app */,
				EDF3D53526FD49FA00371ED3 /* design2Tests.xctest */,
				EDF3D54026FD49FA00371ED3 /* design2UITests.xctest */,
			);
			name = Products;
			sourceTree = "<group>";
		};
		EDF3D52626FD49F600371ED3 /* design2 */ = {
			isa = PBXGroup;
			children = (
				EDF3D52726FD49F600371ED3 /* design2App.swift */,
				EDF3D52926FD49F600371ED3 /* ContentView.swift */,
				EDF3D55226FD4A0700371ED3 /* design2.swift */,
				EDF3D52B26FD49F900371ED3 /* Assets.xcassets */,
				EDF3D53026FD49F900371ED3 /* Info.plist */,
				EDF3D52D26FD49F900371ED3 /* Preview Content */,
			);
			path = design2;
			sourceTree = "<group>";
		};
		EDF3D52D26FD49F900371ED3 /* Preview Content */ = {
			isa = PBXGroup;
			children = (
				EDF3D52E26FD49F900371ED3 /* Preview Assets.xcassets */,
			);
			path = "Preview Content";
			sourceTree = "<group>";
		};
		EDF3D53826FD49FA00371ED3 /* design2Tests */ = {
			isa = PBXGroup;
			children = (
				EDF3D53926FD49FA00371ED3 /* design2Tests.swift */,
				EDF3D53B26FD49FA00371ED3 /* Info.plist */,
			);
			path = design2Tests;
			sourceTree = "<group>";
		};
		EDF3D54326FD49FA00371ED3 /* design2UITests */ = {
			isa = PBXGroup;
			children = (
				EDF3D54426FD49FA00371ED3 /* design2UITests.swift */,
				EDF3D54626FD49FA00371ED3 /* Info.plist */,
			);
			path = design2UITests;
			sourceTree = "<group>";
		};
/* End PBXGroup section */

/* Begin PBXNativeTarget section */
		EDF3D52326FD49F600371ED3 /* design2 */ = {
			isa = PBXNativeTarget;
			buildConfigurationList = EDF3D54926FD49FA00371ED3 /* Build configuration list for PBXNativeTarget "design2" */;
			buildPhases = (
				EDF3D52026FD49F600371ED3 /* Sources */,
				EDF3D52126FD49F600371ED3 /* Frameworks */,
				EDF3D52226FD49F600371ED3 /* Resources */,
			);
			buildRules = (
			);
			dependencies = (
			);
			name = design2;
			productName = design2;
			productReference = EDF3D52426FD49F600371ED3 /* design2.app */;
			productType = "com.apple.product-type.application";
		};
		EDF3D53426FD49FA00371ED3 /* design2Tests */ = {
			isa = PBXNativeTarget;
			buildConfigurationList = EDF3D54C26FD49FA00371ED3 /* Build configuration list for PBXNativeTarget "design2Tests" */;
			buildPhases = (
				EDF3D53126FD49FA00371ED3 /* Sources */,
				EDF3D53226FD49FA00371ED3 /* Frameworks */,
				EDF3D53326FD49FA00371ED3 /* Resources */,
			);
			buildRules = (
			);
			dependencies = (
				EDF3D53726FD49FA00371ED3 /* PBXTargetDependency */,
			);
			name = design2Tests;
			productName = design2Tests;
			productReference = EDF3D53526FD49FA00371ED3 /* design2Tests.xctest */;
			productType = "com.apple.product-type.bundle.unit-test";
		};
		EDF3D53F26FD49FA00371ED3 /* design2UITests */ = {
			isa = PBXNativeTarget;
			buildConfigurationList = EDF3D54F26FD49FA00371ED3 /* Build configuration list for PBXNativeTarget "design2UITests" */;
			buildPhases = (
				EDF3D53C26FD49FA00371ED3 /* Sources */,
				EDF3D53D26FD49FA00371ED3 /* Frameworks */,
				EDF3D53E26FD49FA00371ED3 /* Resources */,
			);
			buildRules = (
			);
			dependencies = (
				EDF3D54226FD49FA00371ED3 /* PBXTargetDependency */,
			);
			name = design2UITests;
			productName = design2UITests;
			productReference = EDF3D54026FD49FA00371ED3 /* design2UITests.xctest */;
			productType = "com.apple.product-type.bundle.ui-testing";
		};
/* End PBXNativeTarget section */

/* Begin PBXProject section */
		EDF3D51C26FD49F600371ED3 /* Project object */ = {
			isa = PBXProject;
			attributes = {
				LastSwiftUpdateCheck = 1250;
				LastUpgradeCheck = 1250;
				TargetAttributes = {
					EDF3D52326FD49F600371ED3 = {
						CreatedOnToolsVersion = 12.5.1;
					};
					EDF3D53426FD49FA00371ED3 = {
						CreatedOnToolsVersion = 12.5.1;
						TestTargetID = EDF3D52326FD49F600371ED3;
					};
					EDF3D53F26FD49FA00371ED3 = {
						CreatedOnToolsVersion = 12.5.1;
						TestTargetID = EDF3D52326FD49F600371ED3;
					};
				};
			};
			buildConfigurationList = EDF3D51F26FD49F600371ED3 /* Build configuration list for PBXProject "design2" */;
			compatibilityVersion = "Xcode 9.3";
			developmentRegion = en;
			hasScannedForEncodings = 0;
			knownRegions = (
				en,
				Base,
			);
			mainGroup = EDF3D51B26FD49F600371ED3;
			productRefGroup = EDF3D52526FD49F600371ED3 /* Products */;
			projectDirPath = "";
			projectRoot = "";
			targets = (
				EDF3D52326FD49F600371ED3 /* design2 */,
				EDF3D53426FD49FA00371ED3 /* design2Tests */,
				EDF3D53F26FD49FA00371ED3 /* design2UITests */,
			);
		};
/* End PBXProject section */

/* Begin PBXResourcesBuildPhase section */
		EDF3D52226FD49F600371ED3 /* Resources */ = {
			isa = PBXResourcesBuildPhase;
			buildActionMask = 2147483647;
			files = (
				EDF3D52F26FD49F900371ED3 /* Preview Assets.xcassets in Resources */,
				EDF3D52C26FD49F900371ED3 /* Assets.xcassets in Resources */,
			);
			runOnlyForDeploymentPostprocessing = 0;
		};
		EDF3D53326FD49FA00371ED3 /* Resources */ = {
			isa = PBXResourcesBuildPhase;
			buildActionMask = 2147483647;
			files = (
			);
			runOnlyForDeploymentPostprocessing = 0;
		};
		EDF3D53E26FD49FA00371ED3 /* Resources */ = {
			isa = PBXResourcesBuildPhase;
			buildActionMask = 2147483647;
			files = (
			);
			runOnlyForDeploymentPostprocessing = 0;
		};
/* End PBXResourcesBuildPhase section */

/* Begin PBXSourcesBuildPhase section */
		EDF3D52026FD49F600371ED3 /* Sources */ = {
			isa = PBXSourcesBuildPhase;
			buildActionMask = 2147483647;
			files = (
				EDF3D55326FD4A0700371ED3 /* design2.swift in Sources */,
				EDF3D52A26FD49F600371ED3 /* ContentView.swift in Sources */,
				EDF3D52826FD49F600371ED3 /* design2App.swift in Sources */,
			);
			runOnlyForDeploymentPostprocessing = 0;
		};
		EDF3D53126FD49FA00371ED3 /* Sources */ = {
			isa = PBXSourcesBuildPhase;
			buildActionMask = 2147483647;
			files = (
				EDF3D53A26FD49FA00371ED3 /* design2Tests.swift in Sources */,
			);
			runOnlyForDeploymentPostprocessing = 0;
		};
		EDF3D53C26FD49FA00371ED3 /* Sources */ = {
			isa = PBXSourcesBuildPhase;
			buildActionMask = 2147483647;
			files = (
				EDF3D54526FD49FA00371ED3 /* design2UITests.swift in Sources */,
			);
			runOnlyForDeploymentPostprocessing = 0;
		};
/* End PBXSourcesBuildPhase section */

/* Begin PBXTargetDependency section */
		EDF3D53726FD49FA00371ED3 /* PBXTargetDependency */ = {
			isa = PBXTargetDependency;
			target = EDF3D52326FD49F600371ED3 /* design2 */;
			targetProxy = EDF3D53626FD49FA00371ED3 /* PBXContainerItemProxy */;
		};
		EDF3D54226FD49FA00371ED3 /* PBXTargetDependency */ = {
			isa = PBXTargetDependency;
			target = EDF3D52326FD49F600371ED3 /* design2 */;
			targetProxy = EDF3D54126FD49FA00371ED3 /* PBXContainerItemProxy */;
		};
/* End PBXTargetDependency section */

/* Begin XCBuildConfiguration section */
		EDF3D54726FD49FA00371ED3 /* Debug */ = {
			isa = XCBuildConfiguration;
			buildSettings = {
				ALWAYS_SEARCH_USER_PATHS = NO;
				CLANG_ANALYZER_NONNULL = YES;
				CLANG_ANALYZER_NUMBER_OBJECT_CONVERSION = YES_AGGRESSIVE;
				CLANG_CXX_LANGUAGE_STANDARD = "gnu++14";
				CLANG_CXX_LIBRARY = "libc++";
				CLANG_ENABLE_MODULES = YES;
				CLANG_ENABLE_OBJC_ARC = YES;
				CLANG_ENABLE_OBJC_WEAK = YES;
				CLANG_WARN_BLOCK_CAPTURE_AUTORELEASING = YES;
				CLANG_WARN_BOOL_CONVERSION = YES;
				CLANG_WARN_COMMA = YES;
				CLANG_WARN_CONSTANT_CONVERSION = YES;
				CLANG_WARN_DEPRECATED_OBJC_IMPLEMENTATIONS = YES;
				CLANG_WARN_DIRECT_OBJC_ISA_USAGE = YES_ERROR;
				CLANG_WARN_DOCUMENTATION_COMMENTS = YES;
				CLANG_WARN_EMPTY_BODY = YES;
				CLANG_WARN_ENUM_CONVERSION = YES;
				CLANG_WARN_INFINITE_RECURSION = YES;
				CLANG_WARN_INT_CONVERSION = YES;
				CLANG_WARN_NON_LITERAL_NULL_CONVERSION = YES;
				CLANG_WARN_OBJC_IMPLICIT_RETAIN_SELF = YES;
				CLANG_WARN_OBJC_LITERAL_CONVERSION = YES;
				CLANG_WARN_OBJC_ROOT_CLASS = YES_ERROR;
				CLANG_WARN_QUOTED_INCLUDE_IN_FRAMEWORK_HEADER = YES;
				CLANG_WARN_RANGE_LOOP_ANALYSIS = YES;
				CLANG_WARN_STRICT_PROTOTYPES = YES;
				CLANG_WARN_SUSPICIOUS_MOVE = YES;
				CLANG_WARN_UNGUARDED_AVAILABILITY = YES_AGGRESSIVE;
				CLANG_WARN_UNREACHABLE_CODE = YES;
				CLANG_WARN__DUPLICATE_METHOD_MATCH = YES;
				COPY_PHASE_STRIP = NO;
				DEBUG_INFORMATION_FORMAT = dwarf;
				ENABLE_STRICT_OBJC_MSGSEND = YES;
				ENABLE_TESTABILITY = YES;
				GCC_C_LANGUAGE_STANDARD = gnu11;
				GCC_DYNAMIC_NO_PIC = NO;
				GCC_NO_COMMON_BLOCKS = YES;
				GCC_OPTIMIZATION_LEVEL = 0;
				GCC_PREPROCESSOR_DEFINITIONS = (
					"DEBUG=1",
					"$(inherited)",
				);
				GCC_WARN_64_TO_32_BIT_CONVERSION = YES;
				GCC_WARN_ABOUT_RETURN_TYPE = YES_ERROR;
				GCC_WARN_UNDECLARED_SELECTOR = YES;
				GCC_WARN_UNINITIALIZED_AUTOS = YES_AGGRESSIVE;
				GCC_WARN_UNUSED_FUNCTION = YES;
				GCC_WARN_UNUSED_VARIABLE = YES;
				IPHONEOS_DEPLOYMENT_TARGET = 14.5;
				MTL_ENABLE_DEBUG_INFO = INCLUDE_SOURCE;
				MTL_FAST_MATH = YES;
				ONLY_ACTIVE_ARCH = YES;
				SDKROOT = iphoneos;
				SWIFT_ACTIVE_COMPILATION_CONDITIONS = DEBUG;
				SWIFT_OPTIMIZATION_LEVEL = "-Onone";
			};
			name = Debug;
		};
		EDF3D54826FD49FA00371ED3 /* Release */ = {
			isa = XCBuildConfiguration;
			buildSettings = {
				ALWAYS_SEARCH_USER_PATHS = NO;
				CLANG_ANALYZER_NONNULL = YES;
				CLANG_ANALYZER_NUMBER_OBJECT_CONVERSION = YES_AGGRESSIVE;
				CLANG_CXX_LANGUAGE_STANDARD = "gnu++14";
				CLANG_CXX_LIBRARY = "libc++";
				CLANG_ENABLE_MODULES = YES;
				CLANG_ENABLE_OBJC_ARC = YES;
				CLANG_ENABLE_OBJC_WEAK = YES;
				CLANG_WARN_BLOCK_CAPTURE_AUTORELEASING = YES;
				CLANG_WARN_BOOL_CONVERSION = YES;
				CLANG_WARN_COMMA = YES;
				CLANG_WARN_CONSTANT_CONVERSION = YES;
				CLANG_WARN_DEPRECATED_OBJC_IMPLEMENTATIONS = YES;
				CLANG_WARN_DIRECT_OBJC_ISA_USAGE = YES_ERROR;
				CLANG_WARN_DOCUMENTATION_COMMENTS = YES;
				CLANG_WARN_EMPTY_BODY = YES;
				CLANG_WARN_ENUM_CONVERSION = YES;
				CLANG_WARN_INFINITE_RECURSION = YES;
				CLANG_WARN_INT_CONVERSION = YES;
				CLANG_WARN_NON_LITERAL_NULL_CONVERSION = YES;
				CLANG_WARN_OBJC_IMPLICIT_RETAIN_SELF = YES;
				CLANG_WARN_OBJC_LITERAL_CONVERSION = YES;
				CLANG_WARN_OBJC_ROOT_CLASS = YES_ERROR;
				CLANG_WARN_QUOTED_INCLUDE_IN_FRAMEWORK_HEADER = YES;
				CLANG_WARN_RANGE_LOOP_ANALYSIS = YES;
				CLANG_WARN_STRICT_PROTOTYPES = YES;
				CLANG_WARN_SUSPICIOUS_MOVE = YES;
				CLANG_WARN_UNGUARDED_AVAILABILITY = YES_AGGRESSIVE;
				CLANG_WARN_UNREACHABLE_CODE = YES;
				CLANG_WARN__DUPLICATE_METHOD_MATCH = YES;
				COPY_PHASE_STRIP = NO;
				DEBUG_INFORMATION_FORMAT = "dwarf-with-dsym";
				ENABLE_NS_ASSERTIONS = NO;
				ENABLE_STRICT_OBJC_MSGSEND = YES;
				GCC_C_LANGUAGE_STANDARD = gnu11;
				GCC_NO_COMMON_BLOCKS = YES;
				GCC_WARN_64_TO_32_BIT_CONVERSION = YES;
				GCC_WARN_ABOUT_RETURN_TYPE = YES_ERROR;
				GCC_WARN_UNDECLARED_SELECTOR = YES;
				GCC_WARN_UNINITIALIZED_AUTOS = YES_AGGRESSIVE;
				GCC_WARN_UNUSED_FUNCTION = YES;
				GCC_WARN_UNUSED_VARIABLE = YES;
				IPHONEOS_DEPLOYMENT_TARGET = 14.5;
				MTL_ENABLE_DEBUG_INFO = NO;
				MTL_FAST_MATH = YES;
				SDKROOT = iphoneos;
				SWIFT_COMPILATION_MODE = wholemodule;
				SWIFT_OPTIMIZATION_LEVEL = "-O";
				VALIDATE_PRODUCT = YES;
			};
			name = Release;
		};
		EDF3D54A26FD49FA00371ED3 /* Debug */ = {
			isa = XCBuildConfiguration;
			buildSettings = {
				ASSETCATALOG_COMPILER_APPICON_NAME = AppIcon;
				ASSETCATALOG_COMPILER_GLOBAL_ACCENT_COLOR_NAME = AccentColor;
				CODE_SIGN_STYLE = Automatic;
				DEVELOPMENT_ASSET_PATHS = "\"design2/Preview Content\"";
				ENABLE_PREVIEWS = YES;
				INFOPLIST_FILE = design2/Info.plist;
				IPHONEOS_DEPLOYMENT_TARGET = 14.0;
				LD_RUNPATH_SEARCH_PATHS = (
					"$(inherited)",
					"@executable_path/Frameworks",
				);
				PRODUCT_BUNDLE_IDENTIFIER = com.mabrouki.design2;
				PRODUCT_NAME = "$(TARGET_NAME)";
				SWIFT_VERSION = 5.0;
				TARGETED_DEVICE_FAMILY = "1,2";
			};
			name = Debug;
		};
		EDF3D54B26FD49FA00371ED3 /* Release */ = {
			isa = XCBuildConfiguration;
			buildSettings = {
				ASSETCATALOG_COMPILER_APPICON_NAME = AppIcon;
				ASSETCATALOG_COMPILER_GLOBAL_ACCENT_COLOR_NAME = AccentColor;
				CODE_SIGN_STYLE = Automatic;
				DEVELOPMENT_ASSET_PATHS = "\"design2/Preview Content\"";
				ENABLE_PREVIEWS = YES;
				INFOPLIST_FILE = design2/Info.plist;
				IPHONEOS_DEPLOYMENT_TARGET = 14.0;
				LD_RUNPATH_SEARCH_PATHS = (
					"$(inherited)",
					"@executable_path/Frameworks",
				);
				PRODUCT_BUNDLE_IDENTIFIER = com.mabrouki.design2;
				PRODUCT_NAME = "$(TARGET_NAME)";
				SWIFT_VERSION = 5.0;
				TARGETED_DEVICE_FAMILY = "1,2";
			};
			name = Release;
		};
		EDF3D54D26FD49FA00371ED3 /* Debug */ = {
			isa = XCBuildConfiguration;
			buildSettings = {
				ALWAYS_EMBED_SWIFT_STANDARD_LIBRARIES = YES;
				BUNDLE_LOADER = "$(TEST_HOST)";
				CODE_SIGN_STYLE = Automatic;
				INFOPLIST_FILE = design2Tests/Info.plist;
				IPHONEOS_DEPLOYMENT_TARGET = 14.0;
				LD_RUNPATH_SEARCH_PATHS = (
					"$(inherited)",
					"@executable_path/Frameworks",
					"@loader_path/Frameworks",
				);
				PRODUCT_BUNDLE_IDENTIFIER = com.mabrouki.design2Tests;
				PRODUCT_NAME = "$(TARGET_NAME)";
				SWIFT_VERSION = 5.0;
				TARGETED_DEVICE_FAMILY = "1,2";
				TEST_HOST = "$(BUILT_PRODUCTS_DIR)/design2.app/design2";
			};
			name = Debug;
		};
		EDF3D54E26FD49FA00371ED3 /* Release */ = {
			isa = XCBuildConfiguration;
			buildSettings = {
				ALWAYS_EMBED_SWIFT_STANDARD_LIBRARIES = YES;
				BUNDLE_LOADER = "$(TEST_HOST)";
				CODE_SIGN_STYLE = Automatic;
				INFOPLIST_FILE = design2Tests/Info.plist;
				IPHONEOS_DEPLOYMENT_TARGET = 14.0;
				LD_RUNPATH_SEARCH_PATHS = (
					"$(inherited)",
					"@executable_path/Frameworks",
					"@loader_path/Frameworks",
				);
				PRODUCT_BUNDLE_IDENTIFIER = com.mabrouki.design2Tests;
				PRODUCT_NAME = "$(TARGET_NAME)";
				SWIFT_VERSION = 5.0;
				TARGETED_DEVICE_FAMILY = "1,2";
				TEST_HOST = "$(BUILT_PRODUCTS_DIR)/design2.app/design2";
			};
			name = Release;
		};
		EDF3D55026FD49FA00371ED3 /* Debug */ = {
			isa = XCBuildConfiguration;
			buildSettings = {
				ALWAYS_EMBED_SWIFT_STANDARD_LIBRARIES = YES;
				CODE_SIGN_STYLE = Automatic;
				INFOPLIST_FILE = design2UITests/Info.plist;
				LD_RUNPATH_SEARCH_PATHS = (
					"$(inherited)",
					"@executable_path/Frameworks",
					"@loader_path/Frameworks",
				);
				PRODUCT_BUNDLE_IDENTIFIER = com.mabrouki.design2UITests;
				PRODUCT_NAME = "$(TARGET_NAME)";
				SWIFT_VERSION = 5.0;
				TARGETED_DEVICE_FAMILY = "1,2";
				TEST_TARGET_NAME = design2;
			};
			name = Debug;
		};
		EDF3D55126FD49FA00371ED3 /* Release */ = {
			isa = XCBuildConfiguration;
			buildSettings = {
				ALWAYS_EMBED_SWIFT_STANDARD_LIBRARIES = YES;
				CODE_SIGN_STYLE = Automatic;
				INFOPLIST_FILE = design2UITests/Info.plist;
				LD_RUNPATH_SEARCH_PATHS = (
					"$(inherited)",
					"@executable_path/Frameworks",
					"@loader_path/Frameworks",
				);
				PRODUCT_BUNDLE_IDENTIFIER = com.mabrouki.design2UITests;
				PRODUCT_NAME = "$(TARGET_NAME)";
				SWIFT_VERSION = 5.0;
				TARGETED_DEVICE_FAMILY = "1,2";
				TEST_TARGET_NAME = design2;
			};
			name = Release;
		};
/* End XCBuildConfiguration section */

/* Begin XCConfigurationList section */
		EDF3D51F26FD49F600371ED3 /* Build configuration list for PBXProject "design2" */ = {
			isa = XCConfigurationList;
			buildConfigurations = (
				EDF3D54726FD49FA00371ED3 /* Debug */,
				EDF3D54826FD49FA00371ED3 /* Release */,
			);
			defaultConfigurationIsVisible = 0;
			defaultConfigurationName = Release;
		};
		EDF3D54926FD49FA00371ED3 /* Build configuration list for PBXNativeTarget "design2" */ = {
			isa = XCConfigurationList;
			buildConfigurations = (
				EDF3D54A26FD49FA00371ED3 /* Debug */,
				EDF3D54B26FD49FA00371ED3 /* Release */,
			);
			defaultConfigurationIsVisible = 0;
			defaultConfigurationName = Release;
		};
		EDF3D54C26FD49FA00371ED3 /* Build configuration list for PBXNativeTarget "design2Tests" */ = {
			isa = XCConfigurationList;
			buildConfigurations = (
				EDF3D54D26FD49FA00371ED3 /* Debug */,
				EDF3D54E26FD49FA00371ED3 /* Release */,
			);
			defaultConfigurationIsVisible = 0;
			defaultConfigurationName = Release;
		};
		EDF3D54F26FD49FA00371ED3 /* Build configuration list for PBXNativeTarget "design2UITests" */ = {
			isa = XCConfigurationList;
			buildConfigurations = (
				EDF3D55026FD49FA00371ED3 /* Debug */,
				EDF3D55126FD49FA00371ED3 /* Release */,
			);
			defaultConfigurationIsVisible = 0;
			defaultConfigurationName = Release;
		};
/* End XCConfigurationList section */
	};
	rootObject = EDF3D51C26FD49F600371ED3 /* Project object */;
}
