// !$*UTF8*$!
{
	archiveVersion = 1;
	classes = {
	};
	objectVersion = 50;
	objects = {

/* Begin PBXBuildFile section */
		EDF3D5D326FD4B5300371ED3 /* ChangingTempApp.swift in Sources */ = {isa = PBXBuildFile; fileRef = EDF3D5D226FD4B5300371ED3 /* ChangingTempApp.swift */; };
		EDF3D5D526FD4B5300371ED3 /* ContentView.swift in Sources */ = {isa = PBXBuildFile; fileRef = EDF3D5D426FD4B5300371ED3 /* ContentView.swift */; };
		EDF3D5D726FD4B5600371ED3 /* Assets.xcassets in Resources */ = {isa = PBXBuildFile; fileRef = EDF3D5D626FD4B5600371ED3 /* Assets.xcassets */; };
		EDF3D5DA26FD4B5600371ED3 /* Preview Assets.xcassets in Resources */ = {isa = PBXBuildFile; fileRef = EDF3D5D926FD4B5600371ED3 /* Preview Assets.xcassets */; };
		EDF3D5E526FD4B5700371ED3 /* ChangingTempTests.swift in Sources */ = {isa = PBXBuildFile; fileRef = EDF3D5E426FD4B5700371ED3 /* ChangingTempTests.swift */; };
		EDF3D5F026FD4B5700371ED3 /* ChangingTempUITests.swift in Sources */ = {isa = PBXBuildFile; fileRef = EDF3D5EF26FD4B5700371ED3 /* ChangingTempUITests.swift */; };
		EDF3D5FE26FD4B7200371ED3 /* ChangingTemp.swift in Sources */ = {isa = PBXBuildFile; fileRef = EDF3D5FD26FD4B7200371ED3 /* ChangingTemp.swift */; };
/* End PBXBuildFile section */

/* Begin PBXContainerItemProxy section */
		EDF3D5E126FD4B5700371ED3 /* PBXContainerItemProxy */ = {
			isa = PBXContainerItemProxy;
			containerPortal = EDF3D5C726FD4B5300371ED3 /* Project object */;
			proxyType = 1;
			remoteGlobalIDString = EDF3D5CE26FD4B5300371ED3;
			remoteInfo = ChangingTemp;
		};
		EDF3D5EC26FD4B5700371ED3 /* PBXContainerItemProxy */ = {
			isa = PBXContainerItemProxy;
			containerPortal = EDF3D5C726FD4B5300371ED3 /* Project object */;
			proxyType = 1;
			remoteGlobalIDString = EDF3D5CE26FD4B5300371ED3;
			remoteInfo = ChangingTemp;
		};
/* End PBXContainerItemProxy section */

/* Begin PBXFileReference section */
		EDF3D5CF26FD4B5300371ED3 /* ChangingTemp.app */ = {isa = PBXFileReference; explicitFileType = wrapper.application; includeInIndex = 0; path = ChangingTemp.app; sourceTree = BUILT_PRODUCTS_DIR; };
		EDF3D5D226FD4B5300371ED3 /* ChangingTempApp.swift */ = {isa = PBXFileReference; lastKnownFileType = sourcecode.swift; path = ChangingTempApp.swift; sourceTree = "<group>"; };
		EDF3D5D426FD4B5300371ED3 /* ContentView.swift */ = {isa = PBXFileReference; lastKnownFileType = sourcecode.swift; path = ContentView.swift; sourceTree = "<group>"; };
		EDF3D5D626FD4B5600371ED3 /* Assets.xcassets */ = {isa = PBXFileReference; lastKnownFileType = folder.assetcatalog; path = Assets.xcassets; sourceTree = "<group>"; };
		EDF3D5D926FD4B5600371ED3 /* Preview Assets.xcassets */ = {isa = PBXFileReference; lastKnownFileType = folder.assetcatalog; path = "Preview Assets.xcassets"; sourceTree = "<group>"; };
		EDF3D5DB26FD4B5600371ED3 /* Info.plist */ = {isa = PBXFileReference; lastKnownFileType = text.plist.xml; path = Info.plist; sourceTree = "<group>"; };
		EDF3D5E026FD4B5700371ED3 /* ChangingTempTests.xctest */ = {isa = PBXFileReference; explicitFileType = wrapper.cfbundle; includeInIndex = 0; path = ChangingTempTests.xctest; sourceTree = BUILT_PRODUCTS_DIR; };
		EDF3D5E426FD4B5700371ED3 /* ChangingTempTests.swift */ = {isa = PBXFileReference; lastKnownFileType = sourcecode.swift; path = ChangingTempTests.swift; sourceTree = "<group>"; };
		EDF3D5E626FD4B5700371ED3 /* Info.plist */ = {isa = PBXFileReference; lastKnownFileType = text.plist.xml; path = Info.plist; sourceTree = "<group>"; };
		EDF3D5EB26FD4B5700371ED3 /* ChangingTempUITests.xctest */ = {isa = PBXFileReference; explicitFileType = wrapper.cfbundle; includeInIndex = 0; path = ChangingTempUITests.xctest; sourceTree = BUILT_PRODUCTS_DIR; };
		EDF3D5EF26FD4B5700371ED3 /* ChangingTempUITests.swift */ = {isa = PBXFileReference; lastKnownFileType = sourcecode.swift; path = ChangingTempUITests.swift; sourceTree = "<group>"; };
		EDF3D5F126FD4B5700371ED3 /* Info.plist */ = {isa = PBXFileReference; lastKnownFileType = text.plist.xml; path = Info.plist; sourceTree = "<group>"; };
		EDF3D5FD26FD4B7200371ED3 /* ChangingTemp.swift */ = {isa = PBXFileReference; lastKnownFileType = sourcecode.swift; path = ChangingTemp.swift; sourceTree = "<group>"; };
/* End PBXFileReference section */

/* Begin PBXFrameworksBuildPhase section */
		EDF3D5CC26FD4B5300371ED3 /* Frameworks */ = {
			isa = PBXFrameworksBuildPhase;
			buildActionMask = 2147483647;
			files = (
			);
			runOnlyForDeploymentPostprocessing = 0;
		};
		EDF3D5DD26FD4B5700371ED3 /* Frameworks */ = {
			isa = PBXFrameworksBuildPhase;
			buildActionMask = 2147483647;
			files = (
			);
			runOnlyForDeploymentPostprocessing = 0;
		};
		EDF3D5E826FD4B5700371ED3 /* Frameworks */ = {
			isa = PBXFrameworksBuildPhase;
			buildActionMask = 2147483647;
			files = (
			);
			runOnlyForDeploymentPostprocessing = 0;
		};
/* End PBXFrameworksBuildPhase section */

/* Begin PBXGroup section */
		EDF3D5C626FD4B5300371ED3 = {
			isa = PBXGroup;
			children = (
				EDF3D5D126FD4B5300371ED3 /* ChangingTemp */,
				EDF3D5E326FD4B5700371ED3 /* ChangingTempTests */,
				EDF3D5EE26FD4B5700371ED3 /* ChangingTempUITests */,
				EDF3D5D026FD4B5300371ED3 /* Products */,
			);
			sourceTree = "<group>";
		};
		EDF3D5D026FD4B5300371ED3 /* Products */ = {
			isa = PBXGroup;
			children = (
				EDF3D5CF26FD4B5300371ED3 /* ChangingTemp.app */,
				EDF3D5E026FD4B5700371ED3 /* ChangingTempTests.xctest */,
				EDF3D5EB26FD4B5700371ED3 /* ChangingTempUITests.xctest */,
			);
			name = Products;
			sourceTree = "<group>";
		};
		EDF3D5D126FD4B5300371ED3 /* ChangingTemp */ = {
			isa = PBXGroup;
			children = (
				EDF3D5D226FD4B5300371ED3 /* ChangingTempApp.swift */,
				EDF3D5D426FD4B5300371ED3 /* ContentView.swift */,
				EDF3D5FD26FD4B7200371ED3 /* ChangingTemp.swift */,
				EDF3D5D626FD4B5600371ED3 /* Assets.xcassets */,
				EDF3D5DB26FD4B5600371ED3 /* Info.plist */,
				EDF3D5D826FD4B5600371ED3 /* Preview Content */,
			);
			path = ChangingTemp;
			sourceTree = "<group>";
		};
		EDF3D5D826FD4B5600371ED3 /* Preview Content */ = {
			isa = PBXGroup;
			children = (
				EDF3D5D926FD4B5600371ED3 /* Preview Assets.xcassets */,
			);
			path = "Preview Content";
			sourceTree = "<group>";
		};
		EDF3D5E326FD4B5700371ED3 /* ChangingTempTests */ = {
			isa = PBXGroup;
			children = (
				EDF3D5E426FD4B5700371ED3 /* ChangingTempTests.swift */,
				EDF3D5E626FD4B5700371ED3 /* Info.plist */,
			);
			path = ChangingTempTests;
			sourceTree = "<group>";
		};
		EDF3D5EE26FD4B5700371ED3 /* ChangingTempUITests */ = {
			isa = PBXGroup;
			children = (
				EDF3D5EF26FD4B5700371ED3 /* ChangingTempUITests.swift */,
				EDF3D5F126FD4B5700371ED3 /* Info.plist */,
			);
			path = ChangingTempUITests;
			sourceTree = "<group>";
		};
/* End PBXGroup section */

/* Begin PBXNativeTarget section */
		EDF3D5CE26FD4B5300371ED3 /* ChangingTemp */ = {
			isa = PBXNativeTarget;
			buildConfigurationList = EDF3D5F426FD4B5700371ED3 /* Build configuration list for PBXNativeTarget "ChangingTemp" */;
			buildPhases = (
				EDF3D5CB26FD4B5300371ED3 /* Sources */,
				EDF3D5CC26FD4B5300371ED3 /* Frameworks */,
				EDF3D5CD26FD4B5300371ED3 /* Resources */,
			);
			buildRules = (
			);
			dependencies = (
			);
			name = ChangingTemp;
			productName = ChangingTemp;
			productReference = EDF3D5CF26FD4B5300371ED3 /* ChangingTemp.app */;
			productType = "com.apple.product-type.application";
		};
		EDF3D5DF26FD4B5700371ED3 /* ChangingTempTests */ = {
			isa = PBXNativeTarget;
			buildConfigurationList = EDF3D5F726FD4B5700371ED3 /* Build configuration list for PBXNativeTarget "ChangingTempTests" */;
			buildPhases = (
				EDF3D5DC26FD4B5700371ED3 /* Sources */,
				EDF3D5DD26FD4B5700371ED3 /* Frameworks */,
				EDF3D5DE26FD4B5700371ED3 /* Resources */,
			);
			buildRules = (
			);
			dependencies = (
				EDF3D5E226FD4B5700371ED3 /* PBXTargetDependency */,
			);
			name = ChangingTempTests;
			productName = ChangingTempTests;
			productReference = EDF3D5E026FD4B5700371ED3 /* ChangingTempTests.xctest */;
			productType = "com.apple.product-type.bundle.unit-test";
		};
		EDF3D5EA26FD4B5700371ED3 /* ChangingTempUITests */ = {
			isa = PBXNativeTarget;
			buildConfigurationList = EDF3D5FA26FD4B5700371ED3 /* Build configuration list for PBXNativeTarget "ChangingTempUITests" */;
			buildPhases = (
				EDF3D5E726FD4B5700371ED3 /* Sources */,
				EDF3D5E826FD4B5700371ED3 /* Frameworks */,
				EDF3D5E926FD4B5700371ED3 /* Resources */,
			);
			buildRules = (
			);
			dependencies = (
				EDF3D5ED26FD4B5700371ED3 /* PBXTargetDependency */,
			);
			name = ChangingTempUITests;
			productName = ChangingTempUITests;
			productReference = EDF3D5EB26FD4B5700371ED3 /* ChangingTempUITests.xctest */;
			productType = "com.apple.product-type.bundle.ui-testing";
		};
/* End PBXNativeTarget section */

/* Begin PBXProject section */
		EDF3D5C726FD4B5300371ED3 /* Project object */ = {
			isa = PBXProject;
			attributes = {
				LastSwiftUpdateCheck = 1250;
				LastUpgradeCheck = 1250;
				TargetAttributes = {
					EDF3D5CE26FD4B5300371ED3 = {
						CreatedOnToolsVersion = 12.5.1;
					};
					EDF3D5DF26FD4B5700371ED3 = {
						CreatedOnToolsVersion = 12.5.1;
						TestTargetID = EDF3D5CE26FD4B5300371ED3;
					};
					EDF3D5EA26FD4B5700371ED3 = {
						CreatedOnToolsVersion = 12.5.1;
						TestTargetID = EDF3D5CE26FD4B5300371ED3;
					};
				};
			};
			buildConfigurationList = EDF3D5CA26FD4B5300371ED3 /* Build configuration list for PBXProject "ChangingTemp" */;
			compatibilityVersion = "Xcode 9.3";
			developmentRegion = en;
			hasScannedForEncodings = 0;
			knownRegions = (
				en,
				Base,
			);
			mainGroup = EDF3D5C626FD4B5300371ED3;
			productRefGroup = EDF3D5D026FD4B5300371ED3 /* Products */;
			projectDirPath = "";
			projectRoot = "";
			targets = (
				EDF3D5CE26FD4B5300371ED3 /* ChangingTemp */,
				EDF3D5DF26FD4B5700371ED3 /* ChangingTempTests */,
				EDF3D5EA26FD4B5700371ED3 /* ChangingTempUITests */,
			);
		};
/* End PBXProject section */

/* Begin PBXResourcesBuildPhase section */
		EDF3D5CD26FD4B5300371ED3 /* Resources */ = {
			isa = PBXResourcesBuildPhase;
			buildActionMask = 2147483647;
			files = (
				EDF3D5DA26FD4B5600371ED3 /* Preview Assets.xcassets in Resources */,
				EDF3D5D726FD4B5600371ED3 /* Assets.xcassets in Resources */,
			);
			runOnlyForDeploymentPostprocessing = 0;
		};
		EDF3D5DE26FD4B5700371ED3 /* Resources */ = {
			isa = PBXResourcesBuildPhase;
			buildActionMask = 2147483647;
			files = (
			);
			runOnlyForDeploymentPostprocessing = 0;
		};
		EDF3D5E926FD4B5700371ED3 /* Resources */ = {
			isa = PBXResourcesBuildPhase;
			buildActionMask = 2147483647;
			files = (
			);
			runOnlyForDeploymentPostprocessing = 0;
		};
/* End PBXResourcesBuildPhase section */

/* Begin PBXSourcesBuildPhase section */
		EDF3D5CB26FD4B5300371ED3 /* Sources */ = {
			isa = PBXSourcesBuildPhase;
			buildActionMask = 2147483647;
			files = (
				EDF3D5D526FD4B5300371ED3 /* ContentView.swift in Sources */,
				EDF3D5D326FD4B5300371ED3 /* ChangingTempApp.swift in Sources */,
				EDF3D5FE26FD4B7200371ED3 /* ChangingTemp.swift in Sources */,
			);
			runOnlyForDeploymentPostprocessing = 0;
		};
		EDF3D5DC26FD4B5700371ED3 /* Sources */ = {
			isa = PBXSourcesBuildPhase;
			buildActionMask = 2147483647;
			files = (
				EDF3D5E526FD4B5700371ED3 /* ChangingTempTests.swift in Sources */,
			);
			runOnlyForDeploymentPostprocessing = 0;
		};
		EDF3D5E726FD4B5700371ED3 /* Sources */ = {
			isa = PBXSourcesBuildPhase;
			buildActionMask = 2147483647;
			files = (
				EDF3D5F026FD4B5700371ED3 /* ChangingTempUITests.swift in Sources */,
			);
			runOnlyForDeploymentPostprocessing = 0;
		};
/* End PBXSourcesBuildPhase section */

/* Begin PBXTargetDependency section */
		EDF3D5E226FD4B5700371ED3 /* PBXTargetDependency */ = {
			isa = PBXTargetDependency;
			target = EDF3D5CE26FD4B5300371ED3 /* ChangingTemp */;
			targetProxy = EDF3D5E126FD4B5700371ED3 /* PBXContainerItemProxy */;
		};
		EDF3D5ED26FD4B5700371ED3 /* PBXTargetDependency */ = {
			isa = PBXTargetDependency;
			target = EDF3D5CE26FD4B5300371ED3 /* ChangingTemp */;
			targetProxy = EDF3D5EC26FD4B5700371ED3 /* PBXContainerItemProxy */;
		};
/* End PBXTargetDependency section */

/* Begin XCBuildConfiguration section */
		EDF3D5F226FD4B5700371ED3 /* Debug */ = {
			isa = XCBuildConfiguration;
			buildSettings = {
				ALWAYS_SEARCH_USER_PATHS = NO;
				CLANG_ANALYZER_NONNULL = YES;
				CLANG_ANALYZER_NUMBER_OBJECT_CONVERSION = YES_AGGRESSIVE;
				CLANG_CXX_LANGUAGE_STANDARD = "gnu++14";
				CLANG_CXX_LIBRARY = "libc++";
				CLANG_ENABLE_MODULES = YES;
				CLANG_ENABLE_OBJC_ARC = YES;
				CLANG_ENABLE_OBJC_WEAK = YES;
				CLANG_WARN_BLOCK_CAPTURE_AUTORELEASING = YES;
				CLANG_WARN_BOOL_CONVERSION = YES;
				CLANG_WARN_COMMA = YES;
				CLANG_WARN_CONSTANT_CONVERSION = YES;
				CLANG_WARN_DEPRECATED_OBJC_IMPLEMENTATIONS = YES;
				CLANG_WARN_DIRECT_OBJC_ISA_USAGE = YES_ERROR;
				CLANG_WARN_DOCUMENTATION_COMMENTS = YES;
				CLANG_WARN_EMPTY_BODY = YES;
				CLANG_WARN_ENUM_CONVERSION = YES;
				CLANG_WARN_INFINITE_RECURSION = YES;
				CLANG_WARN_INT_CONVERSION = YES;
				CLANG_WARN_NON_LITERAL_NULL_CONVERSION = YES;
				CLANG_WARN_OBJC_IMPLICIT_RETAIN_SELF = YES;
				CLANG_WARN_OBJC_LITERAL_CONVERSION = YES;
				CLANG_WARN_OBJC_ROOT_CLASS = YES_ERROR;
				CLANG_WARN_QUOTED_INCLUDE_IN_FRAMEWORK_HEADER = YES;
				CLANG_WARN_RANGE_LOOP_ANALYSIS = YES;
				CLANG_WARN_STRICT_PROTOTYPES = YES;
				CLANG_WARN_SUSPICIOUS_MOVE = YES;
				CLANG_WARN_UNGUARDED_AVAILABILITY = YES_AGGRESSIVE;
				CLANG_WARN_UNREACHABLE_CODE = YES;
				CLANG_WARN__DUPLICATE_METHOD_MATCH = YES;
				COPY_PHASE_STRIP = NO;
				DEBUG_INFORMATION_FORMAT = dwarf;
				ENABLE_STRICT_OBJC_MSGSEND = YES;
				ENABLE_TESTABILITY = YES;
				GCC_C_LANGUAGE_STANDARD = gnu11;
				GCC_DYNAMIC_NO_PIC = NO;
				GCC_NO_COMMON_BLOCKS = YES;
				GCC_OPTIMIZATION_LEVEL = 0;
				GCC_PREPROCESSOR_DEFINITIONS = (
					"DEBUG=1",
					"$(inherited)",
				);
				GCC_WARN_64_TO_32_BIT_CONVERSION = YES;
				GCC_WARN_ABOUT_RETURN_TYPE = YES_ERROR;
				GCC_WARN_UNDECLARED_SELECTOR = YES;
				GCC_WARN_UNINITIALIZED_AUTOS = YES_AGGRESSIVE;
				GCC_WARN_UNUSED_FUNCTION = YES;
				GCC_WARN_UNUSED_VARIABLE = YES;
				IPHONEOS_DEPLOYMENT_TARGET = 14.5;
				MTL_ENABLE_DEBUG_INFO = INCLUDE_SOURCE;
				MTL_FAST_MATH = YES;
				ONLY_ACTIVE_ARCH = YES;
				SDKROOT = iphoneos;
				SWIFT_ACTIVE_COMPILATION_CONDITIONS = DEBUG;
				SWIFT_OPTIMIZATION_LEVEL = "-Onone";
			};
			name = Debug;
		};
		EDF3D5F326FD4B5700371ED3 /* Release */ = {
			isa = XCBuildConfiguration;
			buildSettings = {
				ALWAYS_SEARCH_USER_PATHS = NO;
				CLANG_ANALYZER_NONNULL = YES;
				CLANG_ANALYZER_NUMBER_OBJECT_CONVERSION = YES_AGGRESSIVE;
				CLANG_CXX_LANGUAGE_STANDARD = "gnu++14";
				CLANG_CXX_LIBRARY = "libc++";
				CLANG_ENABLE_MODULES = YES;
				CLANG_ENABLE_OBJC_ARC = YES;
				CLANG_ENABLE_OBJC_WEAK = YES;
				CLANG_WARN_BLOCK_CAPTURE_AUTORELEASING = YES;
				CLANG_WARN_BOOL_CONVERSION = YES;
				CLANG_WARN_COMMA = YES;
				CLANG_WARN_CONSTANT_CONVERSION = YES;
				CLANG_WARN_DEPRECATED_OBJC_IMPLEMENTATIONS = YES;
				CLANG_WARN_DIRECT_OBJC_ISA_USAGE = YES_ERROR;
				CLANG_WARN_DOCUMENTATION_COMMENTS = YES;
				CLANG_WARN_EMPTY_BODY = YES;
				CLANG_WARN_ENUM_CONVERSION = YES;
				CLANG_WARN_INFINITE_RECURSION = YES;
				CLANG_WARN_INT_CONVERSION = YES;
				CLANG_WARN_NON_LITERAL_NULL_CONVERSION = YES;
				CLANG_WARN_OBJC_IMPLICIT_RETAIN_SELF = YES;
				CLANG_WARN_OBJC_LITERAL_CONVERSION = YES;
				CLANG_WARN_OBJC_ROOT_CLASS = YES_ERROR;
				CLANG_WARN_QUOTED_INCLUDE_IN_FRAMEWORK_HEADER = YES;
				CLANG_WARN_RANGE_LOOP_ANALYSIS = YES;
				CLANG_WARN_STRICT_PROTOTYPES = YES;
				CLANG_WARN_SUSPICIOUS_MOVE = YES;
				CLANG_WARN_UNGUARDED_AVAILABILITY = YES_AGGRESSIVE;
				CLANG_WARN_UNREACHABLE_CODE = YES;
				CLANG_WARN__DUPLICATE_METHOD_MATCH = YES;
				COPY_PHASE_STRIP = NO;
				DEBUG_INFORMATION_FORMAT = "dwarf-with-dsym";
				ENABLE_NS_ASSERTIONS = NO;
				ENABLE_STRICT_OBJC_MSGSEND = YES;
				GCC_C_LANGUAGE_STANDARD = gnu11;
				GCC_NO_COMMON_BLOCKS = YES;
				GCC_WARN_64_TO_32_BIT_CONVERSION = YES;
				GCC_WARN_ABOUT_RETURN_TYPE = YES_ERROR;
				GCC_WARN_UNDECLARED_SELECTOR = YES;
				GCC_WARN_UNINITIALIZED_AUTOS = YES_AGGRESSIVE;
				GCC_WARN_UNUSED_FUNCTION = YES;
				GCC_WARN_UNUSED_VARIABLE = YES;
				IPHONEOS_DEPLOYMENT_TARGET = 14.5;
				MTL_ENABLE_DEBUG_INFO = NO;
				MTL_FAST_MATH = YES;
				SDKROOT = iphoneos;
				SWIFT_COMPILATION_MODE = wholemodule;
				SWIFT_OPTIMIZATION_LEVEL = "-O";
				VALIDATE_PRODUCT = YES;
			};
			name = Release;
		};
		EDF3D5F526FD4B5700371ED3 /* Debug */ = {
			isa = XCBuildConfiguration;
			buildSettings = {
				ASSETCATALOG_COMPILER_APPICON_NAME = AppIcon;
				ASSETCATALOG_COMPILER_GLOBAL_ACCENT_COLOR_NAME = AccentColor;
				CODE_SIGN_STYLE = Automatic;
				DEVELOPMENT_ASSET_PATHS = "\"ChangingTemp/Preview Content\"";
				ENABLE_PREVIEWS = YES;
				INFOPLIST_FILE = ChangingTemp/Info.plist;
				IPHONEOS_DEPLOYMENT_TARGET = 14.0;
				LD_RUNPATH_SEARCH_PATHS = (
					"$(inherited)",
					"@executable_path/Frameworks",
				);
				PRODUCT_BUNDLE_IDENTIFIER = com.mabrouki.ChangingTemp;
				PRODUCT_NAME = "$(TARGET_NAME)";
				SWIFT_VERSION = 5.0;
				TARGETED_DEVICE_FAMILY = "1,2";
			};
			name = Debug;
		};
		EDF3D5F626FD4B5700371ED3 /* Release */ = {
			isa = XCBuildConfiguration;
			buildSettings = {
				ASSETCATALOG_COMPILER_APPICON_NAME = AppIcon;
				ASSETCATALOG_COMPILER_GLOBAL_ACCENT_COLOR_NAME = AccentColor;
				CODE_SIGN_STYLE = Automatic;
				DEVELOPMENT_ASSET_PATHS = "\"ChangingTemp/Preview Content\"";
				ENABLE_PREVIEWS = YES;
				INFOPLIST_FILE = ChangingTemp/Info.plist;
				IPHONEOS_DEPLOYMENT_TARGET = 14.0;
				LD_RUNPATH_SEARCH_PATHS = (
					"$(inherited)",
					"@executable_path/Frameworks",
				);
				PRODUCT_BUNDLE_IDENTIFIER = com.mabrouki.ChangingTemp;
				PRODUCT_NAME = "$(TARGET_NAME)";
				SWIFT_VERSION = 5.0;
				TARGETED_DEVICE_FAMILY = "1,2";
			};
			name = Release;
		};
		EDF3D5F826FD4B5700371ED3 /* Debug */ = {
			isa = XCBuildConfiguration;
			buildSettings = {
				ALWAYS_EMBED_SWIFT_STANDARD_LIBRARIES = YES;
				BUNDLE_LOADER = "$(TEST_HOST)";
				CODE_SIGN_STYLE = Automatic;
				INFOPLIST_FILE = ChangingTempTests/Info.plist;
				IPHONEOS_DEPLOYMENT_TARGET = 14.0;
				LD_RUNPATH_SEARCH_PATHS = (
					"$(inherited)",
					"@executable_path/Frameworks",
					"@loader_path/Frameworks",
				);
				PRODUCT_BUNDLE_IDENTIFIER = com.mabrouki.ChangingTempTests;
				PRODUCT_NAME = "$(TARGET_NAME)";
				SWIFT_VERSION = 5.0;
				TARGETED_DEVICE_FAMILY = "1,2";
				TEST_HOST = "$(BUILT_PRODUCTS_DIR)/ChangingTemp.app/ChangingTemp";
			};
			name = Debug;
		};
		EDF3D5F926FD4B5700371ED3 /* Release */ = {
			isa = XCBuildConfiguration;
			buildSettings = {
				ALWAYS_EMBED_SWIFT_STANDARD_LIBRARIES = YES;
				BUNDLE_LOADER = "$(TEST_HOST)";
				CODE_SIGN_STYLE = Automatic;
				INFOPLIST_FILE = ChangingTempTests/Info.plist;
				IPHONEOS_DEPLOYMENT_TARGET = 14.0;
				LD_RUNPATH_SEARCH_PATHS = (
					"$(inherited)",
					"@executable_path/Frameworks",
					"@loader_path/Frameworks",
				);
				PRODUCT_BUNDLE_IDENTIFIER = com.mabrouki.ChangingTempTests;
				PRODUCT_NAME = "$(TARGET_NAME)";
				SWIFT_VERSION = 5.0;
				TARGETED_DEVICE_FAMILY = "1,2";
				TEST_HOST = "$(BUILT_PRODUCTS_DIR)/ChangingTemp.app/ChangingTemp";
			};
			name = Release;
		};
		EDF3D5FB26FD4B5700371ED3 /* Debug */ = {
			isa = XCBuildConfiguration;
			buildSettings = {
				ALWAYS_EMBED_SWIFT_STANDARD_LIBRARIES = YES;
				CODE_SIGN_STYLE = Automatic;
				INFOPLIST_FILE = ChangingTempUITests/Info.plist;
				LD_RUNPATH_SEARCH_PATHS = (
					"$(inherited)",
					"@executable_path/Frameworks",
					"@loader_path/Frameworks",
				);
				PRODUCT_BUNDLE_IDENTIFIER = com.mabrouki.ChangingTempUITests;
				PRODUCT_NAME = "$(TARGET_NAME)";
				SWIFT_VERSION = 5.0;
				TARGETED_DEVICE_FAMILY = "1,2";
				TEST_TARGET_NAME = ChangingTemp;
			};
			name = Debug;
		};
		EDF3D5FC26FD4B5700371ED3 /* Release */ = {
			isa = XCBuildConfiguration;
			buildSettings = {
				ALWAYS_EMBED_SWIFT_STANDARD_LIBRARIES = YES;
				CODE_SIGN_STYLE = Automatic;
				INFOPLIST_FILE = ChangingTempUITests/Info.plist;
				LD_RUNPATH_SEARCH_PATHS = (
					"$(inherited)",
					"@executable_path/Frameworks",
					"@loader_path/Frameworks",
				);
				PRODUCT_BUNDLE_IDENTIFIER = com.mabrouki.ChangingTempUITests;
				PRODUCT_NAME = "$(TARGET_NAME)";
				SWIFT_VERSION = 5.0;
				TARGETED_DEVICE_FAMILY = "1,2";
				TEST_TARGET_NAME = ChangingTemp;
			};
			name = Release;
		};
/* End XCBuildConfiguration section */

/* Begin XCConfigurationList section */
		EDF3D5CA26FD4B5300371ED3 /* Build configuration list for PBXProject "ChangingTemp" */ = {
			isa = XCConfigurationList;
			buildConfigurations = (
				EDF3D5F226FD4B5700371ED3 /* Debug */,
				EDF3D5F326FD4B5700371ED3 /* Release */,
			);
			defaultConfigurationIsVisible = 0;
			defaultConfigurationName = Release;
		};
		EDF3D5F426FD4B5700371ED3 /* Build configuration list for PBXNativeTarget "ChangingTemp" */ = {
			isa = XCConfigurationList;
			buildConfigurations = (
				EDF3D5F526FD4B5700371ED3 /* Debug */,
				EDF3D5F626FD4B5700371ED3 /* Release */,
			);
			defaultConfigurationIsVisible = 0;
			defaultConfigurationName = Release;
		};
		EDF3D5F726FD4B5700371ED3 /* Build configuration list for PBXNativeTarget "ChangingTempTests" */ = {
			isa = XCConfigurationList;
			buildConfigurations = (
				EDF3D5F826FD4B5700371ED3 /* Debug */,
				EDF3D5F926FD4B5700371ED3 /* Release */,
			);
			defaultConfigurationIsVisible = 0;
			defaultConfigurationName = Release;
		};
		EDF3D5FA26FD4B5700371ED3 /* Build configuration list for PBXNativeTarget "ChangingTempUITests" */ = {
			isa = XCConfigurationList;
			buildConfigurations = (
				EDF3D5FB26FD4B5700371ED3 /* Debug */,
				EDF3D5FC26FD4B5700371ED3 /* Release */,
			);
			defaultConfigurationIsVisible = 0;
			defaultConfigurationName = Release;
		};
/* End XCConfigurationList section */
	};
	rootObject = EDF3D5C726FD4B5300371ED3 /* Project object */;
}
