// !$*UTF8*$!
{
	archiveVersion = 1;
	classes = {
	};
	objectVersion = 50;
	objects = {

/* Begin PBXBuildFile section */
		EDF3D47D26FD47F300371ED3 /* Button_randomApp.swift in Sources */ = {isa = PBXBuildFile; fileRef = EDF3D47C26FD47F300371ED3 /* Button_randomApp.swift */; };
		EDF3D47F26FD47F300371ED3 /* ContentView.swift in Sources */ = {isa = PBXBuildFile; fileRef = EDF3D47E26FD47F300371ED3 /* ContentView.swift */; };
		EDF3D48126FD47F600371ED3 /* Assets.xcassets in Resources */ = {isa = PBXBuildFile; fileRef = EDF3D48026FD47F600371ED3 /* Assets.xcassets */; };
		EDF3D48426FD47F600371ED3 /* Preview Assets.xcassets in Resources */ = {isa = PBXBuildFile; fileRef = EDF3D48326FD47F600371ED3 /* Preview Assets.xcassets */; };
		EDF3D48F26FD47F700371ED3 /* Button_randomTests.swift in Sources */ = {isa = PBXBuildFile; fileRef = EDF3D48E26FD47F700371ED3 /* Button_randomTests.swift */; };
		EDF3D49A26FD47F700371ED3 /* Button_randomUITests.swift in Sources */ = {isa = PBXBuildFile; fileRef = EDF3D49926FD47F700371ED3 /* Button_randomUITests.swift */; };
		EDF3D4A826FD480400371ED3 /* Button_random.swift in Sources */ = {isa = PBXBuildFile; fileRef = EDF3D4A726FD480400371ED3 /* Button_random.swift */; };
/* End PBXBuildFile section */

/* Begin PBXContainerItemProxy section */
		EDF3D48B26FD47F700371ED3 /* PBXContainerItemProxy */ = {
			isa = PBXContainerItemProxy;
			containerPortal = EDF3D47126FD47F300371ED3 /* Project object */;
			proxyType = 1;
			remoteGlobalIDString = EDF3D47826FD47F300371ED3;
			remoteInfo = Button_random;
		};
		EDF3D49626FD47F700371ED3 /* PBXContainerItemProxy */ = {
			isa = PBXContainerItemProxy;
			containerPortal = EDF3D47126FD47F300371ED3 /* Project object */;
			proxyType = 1;
			remoteGlobalIDString = EDF3D47826FD47F300371ED3;
			remoteInfo = Button_random;
		};
/* End PBXContainerItemProxy section */

/* Begin PBXFileReference section */
		EDF3D47926FD47F300371ED3 /* Button_random.app */ = {isa = PBXFileReference; explicitFileType = wrapper.application; includeInIndex = 0; path = Button_random.app; sourceTree = BUILT_PRODUCTS_DIR; };
		EDF3D47C26FD47F300371ED3 /* Button_randomApp.swift */ = {isa = PBXFileReference; lastKnownFileType = sourcecode.swift; path = Button_randomApp.swift; sourceTree = "<group>"; };
		EDF3D47E26FD47F300371ED3 /* ContentView.swift */ = {isa = PBXFileReference; lastKnownFileType = sourcecode.swift; path = ContentView.swift; sourceTree = "<group>"; };
		EDF3D48026FD47F600371ED3 /* Assets.xcassets */ = {isa = PBXFileReference; lastKnownFileType = folder.assetcatalog; path = Assets.xcassets; sourceTree = "<group>"; };
		EDF3D48326FD47F600371ED3 /* Preview Assets.xcassets */ = {isa = PBXFileReference; lastKnownFileType = folder.assetcatalog; path = "Preview Assets.xcassets"; sourceTree = "<group>"; };
		EDF3D48526FD47F600371ED3 /* Info.plist */ = {isa = PBXFileReference; lastKnownFileType = text.plist.xml; path = Info.plist; sourceTree = "<group>"; };
		EDF3D48A26FD47F700371ED3 /* Button_randomTests.xctest */ = {isa = PBXFileReference; explicitFileType = wrapper.cfbundle; includeInIndex = 0; path = Button_randomTests.xctest; sourceTree = BUILT_PRODUCTS_DIR; };
		EDF3D48E26FD47F700371ED3 /* Button_randomTests.swift */ = {isa = PBXFileReference; lastKnownFileType = sourcecode.swift; path = Button_randomTests.swift; sourceTree = "<group>"; };
		EDF3D49026FD47F700371ED3 /* Info.plist */ = {isa = PBXFileReference; lastKnownFileType = text.plist.xml; path = Info.plist; sourceTree = "<group>"; };
		EDF3D49526FD47F700371ED3 /* Button_randomUITests.xctest */ = {isa = PBXFileReference; explicitFileType = wrapper.cfbundle; includeInIndex = 0; path = Button_randomUITests.xctest; sourceTree = BUILT_PRODUCTS_DIR; };
		EDF3D49926FD47F700371ED3 /* Button_randomUITests.swift */ = {isa = PBXFileReference; lastKnownFileType = sourcecode.swift; path = Button_randomUITests.swift; sourceTree = "<group>"; };
		EDF3D49B26FD47F700371ED3 /* Info.plist */ = {isa = PBXFileReference; lastKnownFileType = text.plist.xml; path = Info.plist; sourceTree = "<group>"; };
		EDF3D4A726FD480400371ED3 /* Button_random.swift */ = {isa = PBXFileReference; lastKnownFileType = sourcecode.swift; path = Button_random.swift; sourceTree = "<group>"; };
/* End PBXFileReference section */

/* Begin PBXFrameworksBuildPhase section */
		EDF3D47626FD47F300371ED3 /* Frameworks */ = {
			isa = PBXFrameworksBuildPhase;
			buildActionMask = 2147483647;
			files = (
			);
			runOnlyForDeploymentPostprocessing = 0;
		};
		EDF3D48726FD47F700371ED3 /* Frameworks */ = {
			isa = PBXFrameworksBuildPhase;
			buildActionMask = 2147483647;
			files = (
			);
			runOnlyForDeploymentPostprocessing = 0;
		};
		EDF3D49226FD47F700371ED3 /* Frameworks */ = {
			isa = PBXFrameworksBuildPhase;
			buildActionMask = 2147483647;
			files = (
			);
			runOnlyForDeploymentPostprocessing = 0;
		};
/* End PBXFrameworksBuildPhase section */

/* Begin PBXGroup section */
		EDF3D47026FD47F300371ED3 = {
			isa = PBXGroup;
			children = (
				EDF3D47B26FD47F300371ED3 /* Button_random */,
				EDF3D48D26FD47F700371ED3 /* Button_randomTests */,
				EDF3D49826FD47F700371ED3 /* Button_randomUITests */,
				EDF3D47A26FD47F300371ED3 /* Products */,
			);
			sourceTree = "<group>";
		};
		EDF3D47A26FD47F300371ED3 /* Products */ = {
			isa = PBXGroup;
			children = (
				EDF3D47926FD47F300371ED3 /* Button_random.app */,
				EDF3D48A26FD47F700371ED3 /* Button_randomTests.xctest */,
				EDF3D49526FD47F700371ED3 /* Button_randomUITests.xctest */,
			);
			name = Products;
			sourceTree = "<group>";
		};
		EDF3D47B26FD47F300371ED3 /* Button_random */ = {
			isa = PBXGroup;
			children = (
				EDF3D47C26FD47F300371ED3 /* Button_randomApp.swift */,
				EDF3D47E26FD47F300371ED3 /* ContentView.swift */,
				EDF3D4A726FD480400371ED3 /* Button_random.swift */,
				EDF3D48026FD47F600371ED3 /* Assets.xcassets */,
				EDF3D48526FD47F600371ED3 /* Info.plist */,
				EDF3D48226FD47F600371ED3 /* Preview Content */,
			);
			path = Button_random;
			sourceTree = "<group>";
		};
		EDF3D48226FD47F600371ED3 /* Preview Content */ = {
			isa = PBXGroup;
			children = (
				EDF3D48326FD47F600371ED3 /* Preview Assets.xcassets */,
			);
			path = "Preview Content";
			sourceTree = "<group>";
		};
		EDF3D48D26FD47F700371ED3 /* Button_randomTests */ = {
			isa = PBXGroup;
			children = (
				EDF3D48E26FD47F700371ED3 /* Button_randomTests.swift */,
				EDF3D49026FD47F700371ED3 /* Info.plist */,
			);
			path = Button_randomTests;
			sourceTree = "<group>";
		};
		EDF3D49826FD47F700371ED3 /* Button_randomUITests */ = {
			isa = PBXGroup;
			children = (
				EDF3D49926FD47F700371ED3 /* Button_randomUITests.swift */,
				EDF3D49B26FD47F700371ED3 /* Info.plist */,
			);
			path = Button_randomUITests;
			sourceTree = "<group>";
		};
/* End PBXGroup section */

/* Begin PBXNativeTarget section */
		EDF3D47826FD47F300371ED3 /* Button_random */ = {
			isa = PBXNativeTarget;
			buildConfigurationList = EDF3D49E26FD47F700371ED3 /* Build configuration list for PBXNativeTarget "Button_random" */;
			buildPhases = (
				EDF3D47526FD47F300371ED3 /* Sources */,
				EDF3D47626FD47F300371ED3 /* Frameworks */,
				EDF3D47726FD47F300371ED3 /* Resources */,
			);
			buildRules = (
			);
			dependencies = (
			);
			name = Button_random;
			productName = Button_random;
			productReference = EDF3D47926FD47F300371ED3 /* Button_random.app */;
			productType = "com.apple.product-type.application";
		};
		EDF3D48926FD47F700371ED3 /* Button_randomTests */ = {
			isa = PBXNativeTarget;
			buildConfigurationList = EDF3D4A126FD47F700371ED3 /* Build configuration list for PBXNativeTarget "Button_randomTests" */;
			buildPhases = (
				EDF3D48626FD47F700371ED3 /* Sources */,
				EDF3D48726FD47F700371ED3 /* Frameworks */,
				EDF3D48826FD47F700371ED3 /* Resources */,
			);
			buildRules = (
			);
			dependencies = (
				EDF3D48C26FD47F700371ED3 /* PBXTargetDependency */,
			);
			name = Button_randomTests;
			productName = Button_randomTests;
			productReference = EDF3D48A26FD47F700371ED3 /* Button_randomTests.xctest */;
			productType = "com.apple.product-type.bundle.unit-test";
		};
		EDF3D49426FD47F700371ED3 /* Button_randomUITests */ = {
			isa = PBXNativeTarget;
			buildConfigurationList = EDF3D4A426FD47F700371ED3 /* Build configuration list for PBXNativeTarget "Button_randomUITests" */;
			buildPhases = (
				EDF3D49126FD47F700371ED3 /* Sources */,
				EDF3D49226FD47F700371ED3 /* Frameworks */,
				EDF3D49326FD47F700371ED3 /* Resources */,
			);
			buildRules = (
			);
			dependencies = (
				EDF3D49726FD47F700371ED3 /* PBXTargetDependency */,
			);
			name = Button_randomUITests;
			productName = Button_randomUITests;
			productReference = EDF3D49526FD47F700371ED3 /* Button_randomUITests.xctest */;
			productType = "com.apple.product-type.bundle.ui-testing";
		};
/* End PBXNativeTarget section */

/* Begin PBXProject section */
		EDF3D47126FD47F300371ED3 /* Project object */ = {
			isa = PBXProject;
			attributes = {
				LastSwiftUpdateCheck = 1250;
				LastUpgradeCheck = 1250;
				TargetAttributes = {
					EDF3D47826FD47F300371ED3 = {
						CreatedOnToolsVersion = 12.5.1;
					};
					EDF3D48926FD47F700371ED3 = {
						CreatedOnToolsVersion = 12.5.1;
						TestTargetID = EDF3D47826FD47F300371ED3;
					};
					EDF3D49426FD47F700371ED3 = {
						CreatedOnToolsVersion = 12.5.1;
						TestTargetID = EDF3D47826FD47F300371ED3;
					};
				};
			};
			buildConfigurationList = EDF3D47426FD47F300371ED3 /* Build configuration list for PBXProject "Button_random" */;
			compatibilityVersion = "Xcode 9.3";
			developmentRegion = en;
			hasScannedForEncodings = 0;
			knownRegions = (
				en,
				Base,
			);
			mainGroup = EDF3D47026FD47F300371ED3;
			productRefGroup = EDF3D47A26FD47F300371ED3 /* Products */;
			projectDirPath = "";
			projectRoot = "";
			targets = (
				EDF3D47826FD47F300371ED3 /* Button_random */,
				EDF3D48926FD47F700371ED3 /* Button_randomTests */,
				EDF3D49426FD47F700371ED3 /* Button_randomUITests */,
			);
		};
/* End PBXProject section */

/* Begin PBXResourcesBuildPhase section */
		EDF3D47726FD47F300371ED3 /* Resources */ = {
			isa = PBXResourcesBuildPhase;
			buildActionMask = 2147483647;
			files = (
				EDF3D48426FD47F600371ED3 /* Preview Assets.xcassets in Resources */,
				EDF3D48126FD47F600371ED3 /* Assets.xcassets in Resources */,
			);
			runOnlyForDeploymentPostprocessing = 0;
		};
		EDF3D48826FD47F700371ED3 /* Resources */ = {
			isa = PBXResourcesBuildPhase;
			buildActionMask = 2147483647;
			files = (
			);
			runOnlyForDeploymentPostprocessing = 0;
		};
		EDF3D49326FD47F700371ED3 /* Resources */ = {
			isa = PBXResourcesBuildPhase;
			buildActionMask = 2147483647;
			files = (
			);
			runOnlyForDeploymentPostprocessing = 0;
		};
/* End PBXResourcesBuildPhase section */

/* Begin PBXSourcesBuildPhase section */
		EDF3D47526FD47F300371ED3 /* Sources */ = {
			isa = PBXSourcesBuildPhase;
			buildActionMask = 2147483647;
			files = (
				EDF3D47F26FD47F300371ED3 /* ContentView.swift in Sources */,
				EDF3D47D26FD47F300371ED3 /* Button_randomApp.swift in Sources */,
				EDF3D4A826FD480400371ED3 /* Button_random.swift in Sources */,
			);
			runOnlyForDeploymentPostprocessing = 0;
		};
		EDF3D48626FD47F700371ED3 /* Sources */ = {
			isa = PBXSourcesBuildPhase;
			buildActionMask = 2147483647;
			files = (
				EDF3D48F26FD47F700371ED3 /* Button_randomTests.swift in Sources */,
			);
			runOnlyForDeploymentPostprocessing = 0;
		};
		EDF3D49126FD47F700371ED3 /* Sources */ = {
			isa = PBXSourcesBuildPhase;
			buildActionMask = 2147483647;
			files = (
				EDF3D49A26FD47F700371ED3 /* Button_randomUITests.swift in Sources */,
			);
			runOnlyForDeploymentPostprocessing = 0;
		};
/* End PBXSourcesBuildPhase section */

/* Begin PBXTargetDependency section */
		EDF3D48C26FD47F700371ED3 /* PBXTargetDependency */ = {
			isa = PBXTargetDependency;
			target = EDF3D47826FD47F300371ED3 /* Button_random */;
			targetProxy = EDF3D48B26FD47F700371ED3 /* PBXContainerItemProxy */;
		};
		EDF3D49726FD47F700371ED3 /* PBXTargetDependency */ = {
			isa = PBXTargetDependency;
			target = EDF3D47826FD47F300371ED3 /* Button_random */;
			targetProxy = EDF3D49626FD47F700371ED3 /* PBXContainerItemProxy */;
		};
/* End PBXTargetDependency section */

/* Begin XCBuildConfiguration section */
		EDF3D49C26FD47F700371ED3 /* Debug */ = {
			isa = XCBuildConfiguration;
			buildSettings = {
				ALWAYS_SEARCH_USER_PATHS = NO;
				CLANG_ANALYZER_NONNULL = YES;
				CLANG_ANALYZER_NUMBER_OBJECT_CONVERSION = YES_AGGRESSIVE;
				CLANG_CXX_LANGUAGE_STANDARD = "gnu++14";
				CLANG_CXX_LIBRARY = "libc++";
				CLANG_ENABLE_MODULES = YES;
				CLANG_ENABLE_OBJC_ARC = YES;
				CLANG_ENABLE_OBJC_WEAK = YES;
				CLANG_WARN_BLOCK_CAPTURE_AUTORELEASING = YES;
				CLANG_WARN_BOOL_CONVERSION = YES;
				CLANG_WARN_COMMA = YES;
				CLANG_WARN_CONSTANT_CONVERSION = YES;
				CLANG_WARN_DEPRECATED_OBJC_IMPLEMENTATIONS = YES;
				CLANG_WARN_DIRECT_OBJC_ISA_USAGE = YES_ERROR;
				CLANG_WARN_DOCUMENTATION_COMMENTS = YES;
				CLANG_WARN_EMPTY_BODY = YES;
				CLANG_WARN_ENUM_CONVERSION = YES;
				CLANG_WARN_INFINITE_RECURSION = YES;
				CLANG_WARN_INT_CONVERSION = YES;
				CLANG_WARN_NON_LITERAL_NULL_CONVERSION = YES;
				CLANG_WARN_OBJC_IMPLICIT_RETAIN_SELF = YES;
				CLANG_WARN_OBJC_LITERAL_CONVERSION = YES;
				CLANG_WARN_OBJC_ROOT_CLASS = YES_ERROR;
				CLANG_WARN_QUOTED_INCLUDE_IN_FRAMEWORK_HEADER = YES;
				CLANG_WARN_RANGE_LOOP_ANALYSIS = YES;
				CLANG_WARN_STRICT_PROTOTYPES = YES;
				CLANG_WARN_SUSPICIOUS_MOVE = YES;
				CLANG_WARN_UNGUARDED_AVAILABILITY = YES_AGGRESSIVE;
				CLANG_WARN_UNREACHABLE_CODE = YES;
				CLANG_WARN__DUPLICATE_METHOD_MATCH = YES;
				COPY_PHASE_STRIP = NO;
				DEBUG_INFORMATION_FORMAT = dwarf;
				ENABLE_STRICT_OBJC_MSGSEND = YES;
				ENABLE_TESTABILITY = YES;
				GCC_C_LANGUAGE_STANDARD = gnu11;
				GCC_DYNAMIC_NO_PIC = NO;
				GCC_NO_COMMON_BLOCKS = YES;
				GCC_OPTIMIZATION_LEVEL = 0;
				GCC_PREPROCESSOR_DEFINITIONS = (
					"DEBUG=1",
					"$(inherited)",
				);
				GCC_WARN_64_TO_32_BIT_CONVERSION = YES;
				GCC_WARN_ABOUT_RETURN_TYPE = YES_ERROR;
				GCC_WARN_UNDECLARED_SELECTOR = YES;
				GCC_WARN_UNINITIALIZED_AUTOS = YES_AGGRESSIVE;
				GCC_WARN_UNUSED_FUNCTION = YES;
				GCC_WARN_UNUSED_VARIABLE = YES;
				IPHONEOS_DEPLOYMENT_TARGET = 14.5;
				MTL_ENABLE_DEBUG_INFO = INCLUDE_SOURCE;
				MTL_FAST_MATH = YES;
				ONLY_ACTIVE_ARCH = YES;
				SDKROOT = iphoneos;
				SWIFT_ACTIVE_COMPILATION_CONDITIONS = DEBUG;
				SWIFT_OPTIMIZATION_LEVEL = "-Onone";
			};
			name = Debug;
		};
		EDF3D49D26FD47F700371ED3 /* Release */ = {
			isa = XCBuildConfiguration;
			buildSettings = {
				ALWAYS_SEARCH_USER_PATHS = NO;
				CLANG_ANALYZER_NONNULL = YES;
				CLANG_ANALYZER_NUMBER_OBJECT_CONVERSION = YES_AGGRESSIVE;
				CLANG_CXX_LANGUAGE_STANDARD = "gnu++14";
				CLANG_CXX_LIBRARY = "libc++";
				CLANG_ENABLE_MODULES = YES;
				CLANG_ENABLE_OBJC_ARC = YES;
				CLANG_ENABLE_OBJC_WEAK = YES;
				CLANG_WARN_BLOCK_CAPTURE_AUTORELEASING = YES;
				CLANG_WARN_BOOL_CONVERSION = YES;
				CLANG_WARN_COMMA = YES;
				CLANG_WARN_CONSTANT_CONVERSION = YES;
				CLANG_WARN_DEPRECATED_OBJC_IMPLEMENTATIONS = YES;
				CLANG_WARN_DIRECT_OBJC_ISA_USAGE = YES_ERROR;
				CLANG_WARN_DOCUMENTATION_COMMENTS = YES;
				CLANG_WARN_EMPTY_BODY = YES;
				CLANG_WARN_ENUM_CONVERSION = YES;
				CLANG_WARN_INFINITE_RECURSION = YES;
				CLANG_WARN_INT_CONVERSION = YES;
				CLANG_WARN_NON_LITERAL_NULL_CONVERSION = YES;
				CLANG_WARN_OBJC_IMPLICIT_RETAIN_SELF = YES;
				CLANG_WARN_OBJC_LITERAL_CONVERSION = YES;
				CLANG_WARN_OBJC_ROOT_CLASS = YES_ERROR;
				CLANG_WARN_QUOTED_INCLUDE_IN_FRAMEWORK_HEADER = YES;
				CLANG_WARN_RANGE_LOOP_ANALYSIS = YES;
				CLANG_WARN_STRICT_PROTOTYPES = YES;
				CLANG_WARN_SUSPICIOUS_MOVE = YES;
				CLANG_WARN_UNGUARDED_AVAILABILITY = YES_AGGRESSIVE;
				CLANG_WARN_UNREACHABLE_CODE = YES;
				CLANG_WARN__DUPLICATE_METHOD_MATCH = YES;
				COPY_PHASE_STRIP = NO;
				DEBUG_INFORMATION_FORMAT = "dwarf-with-dsym";
				ENABLE_NS_ASSERTIONS = NO;
				ENABLE_STRICT_OBJC_MSGSEND = YES;
				GCC_C_LANGUAGE_STANDARD = gnu11;
				GCC_NO_COMMON_BLOCKS = YES;
				GCC_WARN_64_TO_32_BIT_CONVERSION = YES;
				GCC_WARN_ABOUT_RETURN_TYPE = YES_ERROR;
				GCC_WARN_UNDECLARED_SELECTOR = YES;
				GCC_WARN_UNINITIALIZED_AUTOS = YES_AGGRESSIVE;
				GCC_WARN_UNUSED_FUNCTION = YES;
				GCC_WARN_UNUSED_VARIABLE = YES;
				IPHONEOS_DEPLOYMENT_TARGET = 14.5;
				MTL_ENABLE_DEBUG_INFO = NO;
				MTL_FAST_MATH = YES;
				SDKROOT = iphoneos;
				SWIFT_COMPILATION_MODE = wholemodule;
				SWIFT_OPTIMIZATION_LEVEL = "-O";
				VALIDATE_PRODUCT = YES;
			};
			name = Release;
		};
		EDF3D49F26FD47F700371ED3 /* Debug */ = {
			isa = XCBuildConfiguration;
			buildSettings = {
				ASSETCATALOG_COMPILER_APPICON_NAME = AppIcon;
				ASSETCATALOG_COMPILER_GLOBAL_ACCENT_COLOR_NAME = AccentColor;
				CODE_SIGN_STYLE = Automatic;
				DEVELOPMENT_ASSET_PATHS = "\"Button_random/Preview Content\"";
				ENABLE_PREVIEWS = YES;
				INFOPLIST_FILE = Button_random/Info.plist;
				IPHONEOS_DEPLOYMENT_TARGET = 14.0;
				LD_RUNPATH_SEARCH_PATHS = (
					"$(inherited)",
					"@executable_path/Frameworks",
				);
				PRODUCT_BUNDLE_IDENTIFIER = "com.mabrouki.Button-random";
				PRODUCT_NAME = "$(TARGET_NAME)";
				SWIFT_VERSION = 5.0;
				TARGETED_DEVICE_FAMILY = "1,2";
			};
			name = Debug;
		};
		EDF3D4A026FD47F700371ED3 /* Release */ = {
			isa = XCBuildConfiguration;
			buildSettings = {
				ASSETCATALOG_COMPILER_APPICON_NAME = AppIcon;
				ASSETCATALOG_COMPILER_GLOBAL_ACCENT_COLOR_NAME = AccentColor;
				CODE_SIGN_STYLE = Automatic;
				DEVELOPMENT_ASSET_PATHS = "\"Button_random/Preview Content\"";
				ENABLE_PREVIEWS = YES;
				INFOPLIST_FILE = Button_random/Info.plist;
				IPHONEOS_DEPLOYMENT_TARGET = 14.0;
				LD_RUNPATH_SEARCH_PATHS = (
					"$(inherited)",
					"@executable_path/Frameworks",
				);
				PRODUCT_BUNDLE_IDENTIFIER = "com.mabrouki.Button-random";
				PRODUCT_NAME = "$(TARGET_NAME)";
				SWIFT_VERSION = 5.0;
				TARGETED_DEVICE_FAMILY = "1,2";
			};
			name = Release;
		};
		EDF3D4A226FD47F700371ED3 /* Debug */ = {
			isa = XCBuildConfiguration;
			buildSettings = {
				ALWAYS_EMBED_SWIFT_STANDARD_LIBRARIES = YES;
				BUNDLE_LOADER = "$(TEST_HOST)";
				CODE_SIGN_STYLE = Automatic;
				INFOPLIST_FILE = Button_randomTests/Info.plist;
				IPHONEOS_DEPLOYMENT_TARGET = 14.0;
				LD_RUNPATH_SEARCH_PATHS = (
					"$(inherited)",
					"@executable_path/Frameworks",
					"@loader_path/Frameworks",
				);
				PRODUCT_BUNDLE_IDENTIFIER = "com.mabrouki.Button-randomTests";
				PRODUCT_NAME = "$(TARGET_NAME)";
				SWIFT_VERSION = 5.0;
				TARGETED_DEVICE_FAMILY = "1,2";
				TEST_HOST = "$(BUILT_PRODUCTS_DIR)/Button_random.app/Button_random";
			};
			name = Debug;
		};
		EDF3D4A326FD47F700371ED3 /* Release */ = {
			isa = XCBuildConfiguration;
			buildSettings = {
				ALWAYS_EMBED_SWIFT_STANDARD_LIBRARIES = YES;
				BUNDLE_LOADER = "$(TEST_HOST)";
				CODE_SIGN_STYLE = Automatic;
				INFOPLIST_FILE = Button_randomTests/Info.plist;
				IPHONEOS_DEPLOYMENT_TARGET = 14.0;
				LD_RUNPATH_SEARCH_PATHS = (
					"$(inherited)",
					"@executable_path/Frameworks",
					"@loader_path/Frameworks",
				);
				PRODUCT_BUNDLE_IDENTIFIER = "com.mabrouki.Button-randomTests";
				PRODUCT_NAME = "$(TARGET_NAME)";
				SWIFT_VERSION = 5.0;
				TARGETED_DEVICE_FAMILY = "1,2";
				TEST_HOST = "$(BUILT_PRODUCTS_DIR)/Button_random.app/Button_random";
			};
			name = Release;
		};
		EDF3D4A526FD47F700371ED3 /* Debug */ = {
			isa = XCBuildConfiguration;
			buildSettings = {
				ALWAYS_EMBED_SWIFT_STANDARD_LIBRARIES = YES;
				CODE_SIGN_STYLE = Automatic;
				INFOPLIST_FILE = Button_randomUITests/Info.plist;
				LD_RUNPATH_SEARCH_PATHS = (
					"$(inherited)",
					"@executable_path/Frameworks",
					"@loader_path/Frameworks",
				);
				PRODUCT_BUNDLE_IDENTIFIER = "com.mabrouki.Button-randomUITests";
				PRODUCT_NAME = "$(TARGET_NAME)";
				SWIFT_VERSION = 5.0;
				TARGETED_DEVICE_FAMILY = "1,2";
				TEST_TARGET_NAME = Button_random;
			};
			name = Debug;
		};
		EDF3D4A626FD47F700371ED3 /* Release */ = {
			isa = XCBuildConfiguration;
			buildSettings = {
				ALWAYS_EMBED_SWIFT_STANDARD_LIBRARIES = YES;
				CODE_SIGN_STYLE = Automatic;
				INFOPLIST_FILE = Button_randomUITests/Info.plist;
				LD_RUNPATH_SEARCH_PATHS = (
					"$(inherited)",
					"@executable_path/Frameworks",
					"@loader_path/Frameworks",
				);
				PRODUCT_BUNDLE_IDENTIFIER = "com.mabrouki.Button-randomUITests";
				PRODUCT_NAME = "$(TARGET_NAME)";
				SWIFT_VERSION = 5.0;
				TARGETED_DEVICE_FAMILY = "1,2";
				TEST_TARGET_NAME = Button_random;
			};
			name = Release;
		};
/* End XCBuildConfiguration section */

/* Begin XCConfigurationList section */
		EDF3D47426FD47F300371ED3 /* Build configuration list for PBXProject "Button_random" */ = {
			isa = XCConfigurationList;
			buildConfigurations = (
				EDF3D49C26FD47F700371ED3 /* Debug */,
				EDF3D49D26FD47F700371ED3 /* Release */,
			);
			defaultConfigurationIsVisible = 0;
			defaultConfigurationName = Release;
		};
		EDF3D49E26FD47F700371ED3 /* Build configuration list for PBXNativeTarget "Button_random" */ = {
			isa = XCConfigurationList;
			buildConfigurations = (
				EDF3D49F26FD47F700371ED3 /* Debug */,
				EDF3D4A026FD47F700371ED3 /* Release */,
			);
			defaultConfigurationIsVisible = 0;
			defaultConfigurationName = Release;
		};
		EDF3D4A126FD47F700371ED3 /* Build configuration list for PBXNativeTarget "Button_randomTests" */ = {
			isa = XCConfigurationList;
			buildConfigurations = (
				EDF3D4A226FD47F700371ED3 /* Debug */,
				EDF3D4A326FD47F700371ED3 /* Release */,
			);
			defaultConfigurationIsVisible = 0;
			defaultConfigurationName = Release;
		};
		EDF3D4A426FD47F700371ED3 /* Build configuration list for PBXNativeTarget "Button_randomUITests" */ = {
			isa = XCConfigurationList;
			buildConfigurations = (
				EDF3D4A526FD47F700371ED3 /* Debug */,
				EDF3D4A626FD47F700371ED3 /* Release */,
			);
			defaultConfigurationIsVisible = 0;
			defaultConfigurationName = Release;
		};
/* End XCConfigurationList section */
	};
	rootObject = EDF3D47126FD47F300371ED3 /* Project object */;
}
