// !$*UTF8*$!
{
	archiveVersion = 1;
	classes = {
	};
	objectVersion = 50;
	objects = {

/* Begin PBXBuildFile section */
		EDF3D4EF26FD493B00371ED3 /* changecolorApp.swift in Sources */ = {isa = PBXBuildFile; fileRef = EDF3D4EE26FD493B00371ED3 /* changecolorApp.swift */; };
		EDF3D4F126FD493B00371ED3 /* ContentView.swift in Sources */ = {isa = PBXBuildFile; fileRef = EDF3D4F026FD493B00371ED3 /* ContentView.swift */; };
		EDF3D4F326FD493F00371ED3 /* Assets.xcassets in Resources */ = {isa = PBXBuildFile; fileRef = EDF3D4F226FD493F00371ED3 /* Assets.xcassets */; };
		EDF3D4F626FD493F00371ED3 /* Preview Assets.xcassets in Resources */ = {isa = PBXBuildFile; fileRef = EDF3D4F526FD493F00371ED3 /* Preview Assets.xcassets */; };
		EDF3D50126FD493F00371ED3 /* changecolorTests.swift in Sources */ = {isa = PBXBuildFile; fileRef = EDF3D50026FD493F00371ED3 /* changecolorTests.swift */; };
		EDF3D50C26FD493F00371ED3 /* changecolorUITests.swift in Sources */ = {isa = PBXBuildFile; fileRef = EDF3D50B26FD493F00371ED3 /* changecolorUITests.swift */; };
		EDF3D51A26FD494D00371ED3 /* changecolor.swift in Sources */ = {isa = PBXBuildFile; fileRef = EDF3D51926FD494D00371ED3 /* changecolor.swift */; };
/* End PBXBuildFile section */

/* Begin PBXContainerItemProxy section */
		EDF3D4FD26FD493F00371ED3 /* PBXContainerItemProxy */ = {
			isa = PBXContainerItemProxy;
			containerPortal = EDF3D4E326FD493B00371ED3 /* Project object */;
			proxyType = 1;
			remoteGlobalIDString = EDF3D4EA26FD493B00371ED3;
			remoteInfo = changecolor;
		};
		EDF3D50826FD493F00371ED3 /* PBXContainerItemProxy */ = {
			isa = PBXContainerItemProxy;
			containerPortal = EDF3D4E326FD493B00371ED3 /* Project object */;
			proxyType = 1;
			remoteGlobalIDString = EDF3D4EA26FD493B00371ED3;
			remoteInfo = changecolor;
		};
/* End PBXContainerItemProxy section */

/* Begin PBXFileReference section */
		EDF3D4EB26FD493B00371ED3 /* changecolor.app */ = {isa = PBXFileReference; explicitFileType = wrapper.application; includeInIndex = 0; path = changecolor.app; sourceTree = BUILT_PRODUCTS_DIR; };
		EDF3D4EE26FD493B00371ED3 /* changecolorApp.swift */ = {isa = PBXFileReference; lastKnownFileType = sourcecode.swift; path = changecolorApp.swift; sourceTree = "<group>"; };
		EDF3D4F026FD493B00371ED3 /* ContentView.swift */ = {isa = PBXFileReference; lastKnownFileType = sourcecode.swift; path = ContentView.swift; sourceTree = "<group>"; };
		EDF3D4F226FD493F00371ED3 /* Assets.xcassets */ = {isa = PBXFileReference; lastKnownFileType = folder.assetcatalog; path = Assets.xcassets; sourceTree = "<group>"; };
		EDF3D4F526FD493F00371ED3 /* Preview Assets.xcassets */ = {isa = PBXFileReference; lastKnownFileType = folder.assetcatalog; path = "Preview Assets.xcassets"; sourceTree = "<group>"; };
		EDF3D4F726FD493F00371ED3 /* Info.plist */ = {isa = PBXFileReference; lastKnownFileType = text.plist.xml; path = Info.plist; sourceTree = "<group>"; };
		EDF3D4FC26FD493F00371ED3 /* changecolorTests.xctest */ = {isa = PBXFileReference; explicitFileType = wrapper.cfbundle; includeInIndex = 0; path = changecolorTests.xctest; sourceTree = BUILT_PRODUCTS_DIR; };
		EDF3D50026FD493F00371ED3 /* changecolorTests.swift */ = {isa = PBXFileReference; lastKnownFileType = sourcecode.swift; path = changecolorTests.swift; sourceTree = "<group>"; };
		EDF3D50226FD493F00371ED3 /* Info.plist */ = {isa = PBXFileReference; lastKnownFileType = text.plist.xml; path = Info.plist; sourceTree = "<group>"; };
		EDF3D50726FD493F00371ED3 /* changecolorUITests.xctest */ = {isa = PBXFileReference; explicitFileType = wrapper.cfbundle; includeInIndex = 0; path = changecolorUITests.xctest; sourceTree = BUILT_PRODUCTS_DIR; };
		EDF3D50B26FD493F00371ED3 /* changecolorUITests.swift */ = {isa = PBXFileReference; lastKnownFileType = sourcecode.swift; path = changecolorUITests.swift; sourceTree = "<group>"; };
		EDF3D50D26FD493F00371ED3 /* Info.plist */ = {isa = PBXFileReference; lastKnownFileType = text.plist.xml; path = Info.plist; sourceTree = "<group>"; };
		EDF3D51926FD494D00371ED3 /* changecolor.swift */ = {isa = PBXFileReference; lastKnownFileType = sourcecode.swift; path = changecolor.swift; sourceTree = "<group>"; };
/* End PBXFileReference section */

/* Begin PBXFrameworksBuildPhase section */
		EDF3D4E826FD493B00371ED3 /* Frameworks */ = {
			isa = PBXFrameworksBuildPhase;
			buildActionMask = 2147483647;
			files = (
			);
			runOnlyForDeploymentPostprocessing = 0;
		};
		EDF3D4F926FD493F00371ED3 /* Frameworks */ = {
			isa = PBXFrameworksBuildPhase;
			buildActionMask = 2147483647;
			files = (
			);
			runOnlyForDeploymentPostprocessing = 0;
		};
		EDF3D50426FD493F00371ED3 /* Frameworks */ = {
			isa = PBXFrameworksBuildPhase;
			buildActionMask = 2147483647;
			files = (
			);
			runOnlyForDeploymentPostprocessing = 0;
		};
/* End PBXFrameworksBuildPhase section */

/* Begin PBXGroup section */
		EDF3D4E226FD493B00371ED3 = {
			isa = PBXGroup;
			children = (
				EDF3D4ED26FD493B00371ED3 /* changecolor */,
				EDF3D4FF26FD493F00371ED3 /* changecolorTests */,
				EDF3D50A26FD493F00371ED3 /* changecolorUITests */,
				EDF3D4EC26FD493B00371ED3 /* Products */,
			);
			sourceTree = "<group>";
		};
		EDF3D4EC26FD493B00371ED3 /* Products */ = {
			isa = PBXGroup;
			children = (
				EDF3D4EB26FD493B00371ED3 /* changecolor.app */,
				EDF3D4FC26FD493F00371ED3 /* changecolorTests.xctest */,
				EDF3D50726FD493F00371ED3 /* changecolorUITests.xctest */,
			);
			name = Products;
			sourceTree = "<group>";
		};
		EDF3D4ED26FD493B00371ED3 /* changecolor */ = {
			isa = PBXGroup;
			children = (
				EDF3D4EE26FD493B00371ED3 /* changecolorApp.swift */,
				EDF3D4F026FD493B00371ED3 /* ContentView.swift */,
				EDF3D51926FD494D00371ED3 /* changecolor.swift */,
				EDF3D4F226FD493F00371ED3 /* Assets.xcassets */,
				EDF3D4F726FD493F00371ED3 /* Info.plist */,
				EDF3D4F426FD493F00371ED3 /* Preview Content */,
			);
			path = changecolor;
			sourceTree = "<group>";
		};
		EDF3D4F426FD493F00371ED3 /* Preview Content */ = {
			isa = PBXGroup;
			children = (
				EDF3D4F526FD493F00371ED3 /* Preview Assets.xcassets */,
			);
			path = "Preview Content";
			sourceTree = "<group>";
		};
		EDF3D4FF26FD493F00371ED3 /* changecolorTests */ = {
			isa = PBXGroup;
			children = (
				EDF3D50026FD493F00371ED3 /* changecolorTests.swift */,
				EDF3D50226FD493F00371ED3 /* Info.plist */,
			);
			path = changecolorTests;
			sourceTree = "<group>";
		};
		EDF3D50A26FD493F00371ED3 /* changecolorUITests */ = {
			isa = PBXGroup;
			children = (
				EDF3D50B26FD493F00371ED3 /* changecolorUITests.swift */,
				EDF3D50D26FD493F00371ED3 /* Info.plist */,
			);
			path = changecolorUITests;
			sourceTree = "<group>";
		};
/* End PBXGroup section */

/* Begin PBXNativeTarget section */
		EDF3D4EA26FD493B00371ED3 /* changecolor */ = {
			isa = PBXNativeTarget;
			buildConfigurationList = EDF3D51026FD493F00371ED3 /* Build configuration list for PBXNativeTarget "changecolor" */;
			buildPhases = (
				EDF3D4E726FD493B00371ED3 /* Sources */,
				EDF3D4E826FD493B00371ED3 /* Frameworks */,
				EDF3D4E926FD493B00371ED3 /* Resources */,
			);
			buildRules = (
			);
			dependencies = (
			);
			name = changecolor;
			productName = changecolor;
			productReference = EDF3D4EB26FD493B00371ED3 /* changecolor.app */;
			productType = "com.apple.product-type.application";
		};
		EDF3D4FB26FD493F00371ED3 /* changecolorTests */ = {
			isa = PBXNativeTarget;
			buildConfigurationList = EDF3D51326FD493F00371ED3 /* Build configuration list for PBXNativeTarget "changecolorTests" */;
			buildPhases = (
				EDF3D4F826FD493F00371ED3 /* Sources */,
				EDF3D4F926FD493F00371ED3 /* Frameworks */,
				EDF3D4FA26FD493F00371ED3 /* Resources */,
			);
			buildRules = (
			);
			dependencies = (
				EDF3D4FE26FD493F00371ED3 /* PBXTargetDependency */,
			);
			name = changecolorTests;
			productName = changecolorTests;
			productReference = EDF3D4FC26FD493F00371ED3 /* changecolorTests.xctest */;
			productType = "com.apple.product-type.bundle.unit-test";
		};
		EDF3D50626FD493F00371ED3 /* changecolorUITests */ = {
			isa = PBXNativeTarget;
			buildConfigurationList = EDF3D51626FD493F00371ED3 /* Build configuration list for PBXNativeTarget "changecolorUITests" */;
			buildPhases = (
				EDF3D50326FD493F00371ED3 /* Sources */,
				EDF3D50426FD493F00371ED3 /* Frameworks */,
				EDF3D50526FD493F00371ED3 /* Resources */,
			);
			buildRules = (
			);
			dependencies = (
				EDF3D50926FD493F00371ED3 /* PBXTargetDependency */,
			);
			name = changecolorUITests;
			productName = changecolorUITests;
			productReference = EDF3D50726FD493F00371ED3 /* changecolorUITests.xctest */;
			productType = "com.apple.product-type.bundle.ui-testing";
		};
/* End PBXNativeTarget section */

/* Begin PBXProject section */
		EDF3D4E326FD493B00371ED3 /* Project object */ = {
			isa = PBXProject;
			attributes = {
				LastSwiftUpdateCheck = 1250;
				LastUpgradeCheck = 1250;
				TargetAttributes = {
					EDF3D4EA26FD493B00371ED3 = {
						CreatedOnToolsVersion = 12.5.1;
					};
					EDF3D4FB26FD493F00371ED3 = {
						CreatedOnToolsVersion = 12.5.1;
						TestTargetID = EDF3D4EA26FD493B00371ED3;
					};
					EDF3D50626FD493F00371ED3 = {
						CreatedOnToolsVersion = 12.5.1;
						TestTargetID = EDF3D4EA26FD493B00371ED3;
					};
				};
			};
			buildConfigurationList = EDF3D4E626FD493B00371ED3 /* Build configuration list for PBXProject "changecolor" */;
			compatibilityVersion = "Xcode 9.3";
			developmentRegion = en;
			hasScannedForEncodings = 0;
			knownRegions = (
				en,
				Base,
			);
			mainGroup = EDF3D4E226FD493B00371ED3;
			productRefGroup = EDF3D4EC26FD493B00371ED3 /* Products */;
			projectDirPath = "";
			projectRoot = "";
			targets = (
				EDF3D4EA26FD493B00371ED3 /* changecolor */,
				EDF3D4FB26FD493F00371ED3 /* changecolorTests */,
				EDF3D50626FD493F00371ED3 /* changecolorUITests */,
			);
		};
/* End PBXProject section */

/* Begin PBXResourcesBuildPhase section */
		EDF3D4E926FD493B00371ED3 /* Resources */ = {
			isa = PBXResourcesBuildPhase;
			buildActionMask = 2147483647;
			files = (
				EDF3D4F626FD493F00371ED3 /* Preview Assets.xcassets in Resources */,
				EDF3D4F326FD493F00371ED3 /* Assets.xcassets in Resources */,
			);
			runOnlyForDeploymentPostprocessing = 0;
		};
		EDF3D4FA26FD493F00371ED3 /* Resources */ = {
			isa = PBXResourcesBuildPhase;
			buildActionMask = 2147483647;
			files = (
			);
			runOnlyForDeploymentPostprocessing = 0;
		};
		EDF3D50526FD493F00371ED3 /* Resources */ = {
			isa = PBXResourcesBuildPhase;
			buildActionMask = 2147483647;
			files = (
			);
			runOnlyForDeploymentPostprocessing = 0;
		};
/* End PBXResourcesBuildPhase section */

/* Begin PBXSourcesBuildPhase section */
		EDF3D4E726FD493B00371ED3 /* Sources */ = {
			isa = PBXSourcesBuildPhase;
			buildActionMask = 2147483647;
			files = (
				EDF3D4F126FD493B00371ED3 /* ContentView.swift in Sources */,
				EDF3D51A26FD494D00371ED3 /* changecolor.swift in Sources */,
				EDF3D4EF26FD493B00371ED3 /* changecolorApp.swift in Sources */,
			);
			runOnlyForDeploymentPostprocessing = 0;
		};
		EDF3D4F826FD493F00371ED3 /* Sources */ = {
			isa = PBXSourcesBuildPhase;
			buildActionMask = 2147483647;
			files = (
				EDF3D50126FD493F00371ED3 /* changecolorTests.swift in Sources */,
			);
			runOnlyForDeploymentPostprocessing = 0;
		};
		EDF3D50326FD493F00371ED3 /* Sources */ = {
			isa = PBXSourcesBuildPhase;
			buildActionMask = 2147483647;
			files = (
				EDF3D50C26FD493F00371ED3 /* changecolorUITests.swift in Sources */,
			);
			runOnlyForDeploymentPostprocessing = 0;
		};
/* End PBXSourcesBuildPhase section */

/* Begin PBXTargetDependency section */
		EDF3D4FE26FD493F00371ED3 /* PBXTargetDependency */ = {
			isa = PBXTargetDependency;
			target = EDF3D4EA26FD493B00371ED3 /* changecolor */;
			targetProxy = EDF3D4FD26FD493F00371ED3 /* PBXContainerItemProxy */;
		};
		EDF3D50926FD493F00371ED3 /* PBXTargetDependency */ = {
			isa = PBXTargetDependency;
			target = EDF3D4EA26FD493B00371ED3 /* changecolor */;
			targetProxy = EDF3D50826FD493F00371ED3 /* PBXContainerItemProxy */;
		};
/* End PBXTargetDependency section */

/* Begin XCBuildConfiguration section */
		EDF3D50E26FD493F00371ED3 /* Debug */ = {
			isa = XCBuildConfiguration;
			buildSettings = {
				ALWAYS_SEARCH_USER_PATHS = NO;
				CLANG_ANALYZER_NONNULL = YES;
				CLANG_ANALYZER_NUMBER_OBJECT_CONVERSION = YES_AGGRESSIVE;
				CLANG_CXX_LANGUAGE_STANDARD = "gnu++14";
				CLANG_CXX_LIBRARY = "libc++";
				CLANG_ENABLE_MODULES = YES;
				CLANG_ENABLE_OBJC_ARC = YES;
				CLANG_ENABLE_OBJC_WEAK = YES;
				CLANG_WARN_BLOCK_CAPTURE_AUTORELEASING = YES;
				CLANG_WARN_BOOL_CONVERSION = YES;
				CLANG_WARN_COMMA = YES;
				CLANG_WARN_CONSTANT_CONVERSION = YES;
				CLANG_WARN_DEPRECATED_OBJC_IMPLEMENTATIONS = YES;
				CLANG_WARN_DIRECT_OBJC_ISA_USAGE = YES_ERROR;
				CLANG_WARN_DOCUMENTATION_COMMENTS = YES;
				CLANG_WARN_EMPTY_BODY = YES;
				CLANG_WARN_ENUM_CONVERSION = YES;
				CLANG_WARN_INFINITE_RECURSION = YES;
				CLANG_WARN_INT_CONVERSION = YES;
				CLANG_WARN_NON_LITERAL_NULL_CONVERSION = YES;
				CLANG_WARN_OBJC_IMPLICIT_RETAIN_SELF = YES;
				CLANG_WARN_OBJC_LITERAL_CONVERSION = YES;
				CLANG_WARN_OBJC_ROOT_CLASS = YES_ERROR;
				CLANG_WARN_QUOTED_INCLUDE_IN_FRAMEWORK_HEADER = YES;
				CLANG_WARN_RANGE_LOOP_ANALYSIS = YES;
				CLANG_WARN_STRICT_PROTOTYPES = YES;
				CLANG_WARN_SUSPICIOUS_MOVE = YES;
				CLANG_WARN_UNGUARDED_AVAILABILITY = YES_AGGRESSIVE;
				CLANG_WARN_UNREACHABLE_CODE = YES;
				CLANG_WARN__DUPLICATE_METHOD_MATCH = YES;
				COPY_PHASE_STRIP = NO;
				DEBUG_INFORMATION_FORMAT = dwarf;
				ENABLE_STRICT_OBJC_MSGSEND = YES;
				ENABLE_TESTABILITY = YES;
				GCC_C_LANGUAGE_STANDARD = gnu11;
				GCC_DYNAMIC_NO_PIC = NO;
				GCC_NO_COMMON_BLOCKS = YES;
				GCC_OPTIMIZATION_LEVEL = 0;
				GCC_PREPROCESSOR_DEFINITIONS = (
					"DEBUG=1",
					"$(inherited)",
				);
				GCC_WARN_64_TO_32_BIT_CONVERSION = YES;
				GCC_WARN_ABOUT_RETURN_TYPE = YES_ERROR;
				GCC_WARN_UNDECLARED_SELECTOR = YES;
				GCC_WARN_UNINITIALIZED_AUTOS = YES_AGGRESSIVE;
				GCC_WARN_UNUSED_FUNCTION = YES;
				GCC_WARN_UNUSED_VARIABLE = YES;
				IPHONEOS_DEPLOYMENT_TARGET = 14.5;
				MTL_ENABLE_DEBUG_INFO = INCLUDE_SOURCE;
				MTL_FAST_MATH = YES;
				ONLY_ACTIVE_ARCH = YES;
				SDKROOT = iphoneos;
				SWIFT_ACTIVE_COMPILATION_CONDITIONS = DEBUG;
				SWIFT_OPTIMIZATION_LEVEL = "-Onone";
			};
			name = Debug;
		};
		EDF3D50F26FD493F00371ED3 /* Release */ = {
			isa = XCBuildConfiguration;
			buildSettings = {
				ALWAYS_SEARCH_USER_PATHS = NO;
				CLANG_ANALYZER_NONNULL = YES;
				CLANG_ANALYZER_NUMBER_OBJECT_CONVERSION = YES_AGGRESSIVE;
				CLANG_CXX_LANGUAGE_STANDARD = "gnu++14";
				CLANG_CXX_LIBRARY = "libc++";
				CLANG_ENABLE_MODULES = YES;
				CLANG_ENABLE_OBJC_ARC = YES;
				CLANG_ENABLE_OBJC_WEAK = YES;
				CLANG_WARN_BLOCK_CAPTURE_AUTORELEASING = YES;
				CLANG_WARN_BOOL_CONVERSION = YES;
				CLANG_WARN_COMMA = YES;
				CLANG_WARN_CONSTANT_CONVERSION = YES;
				CLANG_WARN_DEPRECATED_OBJC_IMPLEMENTATIONS = YES;
				CLANG_WARN_DIRECT_OBJC_ISA_USAGE = YES_ERROR;
				CLANG_WARN_DOCUMENTATION_COMMENTS = YES;
				CLANG_WARN_EMPTY_BODY = YES;
				CLANG_WARN_ENUM_CONVERSION = YES;
				CLANG_WARN_INFINITE_RECURSION = YES;
				CLANG_WARN_INT_CONVERSION = YES;
				CLANG_WARN_NON_LITERAL_NULL_CONVERSION = YES;
				CLANG_WARN_OBJC_IMPLICIT_RETAIN_SELF = YES;
				CLANG_WARN_OBJC_LITERAL_CONVERSION = YES;
				CLANG_WARN_OBJC_ROOT_CLASS = YES_ERROR;
				CLANG_WARN_QUOTED_INCLUDE_IN_FRAMEWORK_HEADER = YES;
				CLANG_WARN_RANGE_LOOP_ANALYSIS = YES;
				CLANG_WARN_STRICT_PROTOTYPES = YES;
				CLANG_WARN_SUSPICIOUS_MOVE = YES;
				CLANG_WARN_UNGUARDED_AVAILABILITY = YES_AGGRESSIVE;
				CLANG_WARN_UNREACHABLE_CODE = YES;
				CLANG_WARN__DUPLICATE_METHOD_MATCH = YES;
				COPY_PHASE_STRIP = NO;
				DEBUG_INFORMATION_FORMAT = "dwarf-with-dsym";
				ENABLE_NS_ASSERTIONS = NO;
				ENABLE_STRICT_OBJC_MSGSEND = YES;
				GCC_C_LANGUAGE_STANDARD = gnu11;
				GCC_NO_COMMON_BLOCKS = YES;
				GCC_WARN_64_TO_32_BIT_CONVERSION = YES;
				GCC_WARN_ABOUT_RETURN_TYPE = YES_ERROR;
				GCC_WARN_UNDECLARED_SELECTOR = YES;
				GCC_WARN_UNINITIALIZED_AUTOS = YES_AGGRESSIVE;
				GCC_WARN_UNUSED_FUNCTION = YES;
				GCC_WARN_UNUSED_VARIABLE = YES;
				IPHONEOS_DEPLOYMENT_TARGET = 14.5;
				MTL_ENABLE_DEBUG_INFO = NO;
				MTL_FAST_MATH = YES;
				SDKROOT = iphoneos;
				SWIFT_COMPILATION_MODE = wholemodule;
				SWIFT_OPTIMIZATION_LEVEL = "-O";
				VALIDATE_PRODUCT = YES;
			};
			name = Release;
		};
		EDF3D51126FD493F00371ED3 /* Debug */ = {
			isa = XCBuildConfiguration;
			buildSettings = {
				ASSETCATALOG_COMPILER_APPICON_NAME = AppIcon;
				ASSETCATALOG_COMPILER_GLOBAL_ACCENT_COLOR_NAME = AccentColor;
				CODE_SIGN_STYLE = Automatic;
				DEVELOPMENT_ASSET_PATHS = "\"changecolor/Preview Content\"";
				ENABLE_PREVIEWS = YES;
				INFOPLIST_FILE = changecolor/Info.plist;
				IPHONEOS_DEPLOYMENT_TARGET = 14.0;
				LD_RUNPATH_SEARCH_PATHS = (
					"$(inherited)",
					"@executable_path/Frameworks",
				);
				PRODUCT_BUNDLE_IDENTIFIER = com.mabrouki.changecolor;
				PRODUCT_NAME = "$(TARGET_NAME)";
				SWIFT_VERSION = 5.0;
				TARGETED_DEVICE_FAMILY = "1,2";
			};
			name = Debug;
		};
		EDF3D51226FD493F00371ED3 /* Release */ = {
			isa = XCBuildConfiguration;
			buildSettings = {
				ASSETCATALOG_COMPILER_APPICON_NAME = AppIcon;
				ASSETCATALOG_COMPILER_GLOBAL_ACCENT_COLOR_NAME = AccentColor;
				CODE_SIGN_STYLE = Automatic;
				DEVELOPMENT_ASSET_PATHS = "\"changecolor/Preview Content\"";
				ENABLE_PREVIEWS = YES;
				INFOPLIST_FILE = changecolor/Info.plist;
				IPHONEOS_DEPLOYMENT_TARGET = 14.0;
				LD_RUNPATH_SEARCH_PATHS = (
					"$(inherited)",
					"@executable_path/Frameworks",
				);
				PRODUCT_BUNDLE_IDENTIFIER = com.mabrouki.changecolor;
				PRODUCT_NAME = "$(TARGET_NAME)";
				SWIFT_VERSION = 5.0;
				TARGETED_DEVICE_FAMILY = "1,2";
			};
			name = Release;
		};
		EDF3D51426FD493F00371ED3 /* Debug */ = {
			isa = XCBuildConfiguration;
			buildSettings = {
				ALWAYS_EMBED_SWIFT_STANDARD_LIBRARIES = YES;
				BUNDLE_LOADER = "$(TEST_HOST)";
				CODE_SIGN_STYLE = Automatic;
				INFOPLIST_FILE = changecolorTests/Info.plist;
				IPHONEOS_DEPLOYMENT_TARGET = 14.0;
				LD_RUNPATH_SEARCH_PATHS = (
					"$(inherited)",
					"@executable_path/Frameworks",
					"@loader_path/Frameworks",
				);
				PRODUCT_BUNDLE_IDENTIFIER = com.mabrouki.changecolorTests;
				PRODUCT_NAME = "$(TARGET_NAME)";
				SWIFT_VERSION = 5.0;
				TARGETED_DEVICE_FAMILY = "1,2";
				TEST_HOST = "$(BUILT_PRODUCTS_DIR)/changecolor.app/changecolor";
			};
			name = Debug;
		};
		EDF3D51526FD493F00371ED3 /* Release */ = {
			isa = XCBuildConfiguration;
			buildSettings = {
				ALWAYS_EMBED_SWIFT_STANDARD_LIBRARIES = YES;
				BUNDLE_LOADER = "$(TEST_HOST)";
				CODE_SIGN_STYLE = Automatic;
				INFOPLIST_FILE = changecolorTests/Info.plist;
				IPHONEOS_DEPLOYMENT_TARGET = 14.0;
				LD_RUNPATH_SEARCH_PATHS = (
					"$(inherited)",
					"@executable_path/Frameworks",
					"@loader_path/Frameworks",
				);
				PRODUCT_BUNDLE_IDENTIFIER = com.mabrouki.changecolorTests;
				PRODUCT_NAME = "$(TARGET_NAME)";
				SWIFT_VERSION = 5.0;
				TARGETED_DEVICE_FAMILY = "1,2";
				TEST_HOST = "$(BUILT_PRODUCTS_DIR)/changecolor.app/changecolor";
			};
			name = Release;
		};
		EDF3D51726FD493F00371ED3 /* Debug */ = {
			isa = XCBuildConfiguration;
			buildSettings = {
				ALWAYS_EMBED_SWIFT_STANDARD_LIBRARIES = YES;
				CODE_SIGN_STYLE = Automatic;
				INFOPLIST_FILE = changecolorUITests/Info.plist;
				LD_RUNPATH_SEARCH_PATHS = (
					"$(inherited)",
					"@executable_path/Frameworks",
					"@loader_path/Frameworks",
				);
				PRODUCT_BUNDLE_IDENTIFIER = com.mabrouki.changecolorUITests;
				PRODUCT_NAME = "$(TARGET_NAME)";
				SWIFT_VERSION = 5.0;
				TARGETED_DEVICE_FAMILY = "1,2";
				TEST_TARGET_NAME = changecolor;
			};
			name = Debug;
		};
		EDF3D51826FD493F00371ED3 /* Release */ = {
			isa = XCBuildConfiguration;
			buildSettings = {
				ALWAYS_EMBED_SWIFT_STANDARD_LIBRARIES = YES;
				CODE_SIGN_STYLE = Automatic;
				INFOPLIST_FILE = changecolorUITests/Info.plist;
				LD_RUNPATH_SEARCH_PATHS = (
					"$(inherited)",
					"@executable_path/Frameworks",
					"@loader_path/Frameworks",
				);
				PRODUCT_BUNDLE_IDENTIFIER = com.mabrouki.changecolorUITests;
				PRODUCT_NAME = "$(TARGET_NAME)";
				SWIFT_VERSION = 5.0;
				TARGETED_DEVICE_FAMILY = "1,2";
				TEST_TARGET_NAME = changecolor;
			};
			name = Release;
		};
/* End XCBuildConfiguration section */

/* Begin XCConfigurationList section */
		EDF3D4E626FD493B00371ED3 /* Build configuration list for PBXProject "changecolor" */ = {
			isa = XCConfigurationList;
			buildConfigurations = (
				EDF3D50E26FD493F00371ED3 /* Debug */,
				EDF3D50F26FD493F00371ED3 /* Release */,
			);
			defaultConfigurationIsVisible = 0;
			defaultConfigurationName = Release;
		};
		EDF3D51026FD493F00371ED3 /* Build configuration list for PBXNativeTarget "changecolor" */ = {
			isa = XCConfigurationList;
			buildConfigurations = (
				EDF3D51126FD493F00371ED3 /* Debug */,
				EDF3D51226FD493F00371ED3 /* Release */,
			);
			defaultConfigurationIsVisible = 0;
			defaultConfigurationName = Release;
		};
		EDF3D51326FD493F00371ED3 /* Build configuration list for PBXNativeTarget "changecolorTests" */ = {
			isa = XCConfigurationList;
			buildConfigurations = (
				EDF3D51426FD493F00371ED3 /* Debug */,
				EDF3D51526FD493F00371ED3 /* Release */,
			);
			defaultConfigurationIsVisible = 0;
			defaultConfigurationName = Release;
		};
		EDF3D51626FD493F00371ED3 /* Build configuration list for PBXNativeTarget "changecolorUITests" */ = {
			isa = XCConfigurationList;
			buildConfigurations = (
				EDF3D51726FD493F00371ED3 /* Debug */,
				EDF3D51826FD493F00371ED3 /* Release */,
			);
			defaultConfigurationIsVisible = 0;
			defaultConfigurationName = Release;
		};
/* End XCConfigurationList section */
	};
	rootObject = EDF3D4E326FD493B00371ED3 /* Project object */;
}
