// !$*UTF8*$!
{
	archiveVersion = 1;
	classes = {
	};
	objectVersion = 50;
	objects = {

/* Begin PBXBuildFile section */
		EDF3D4B626FD488200371ED3 /* navigationApp.swift in Sources */ = {isa = PBXBuildFile; fileRef = EDF3D4B526FD488200371ED3 /* navigationApp.swift */; };
		EDF3D4B826FD488200371ED3 /* ContentView.swift in Sources */ = {isa = PBXBuildFile; fileRef = EDF3D4B726FD488200371ED3 /* ContentView.swift */; };
		EDF3D4BA26FD488500371ED3 /* Assets.xcassets in Resources */ = {isa = PBXBuildFile; fileRef = EDF3D4B926FD488500371ED3 /* Assets.xcassets */; };
		EDF3D4BD26FD488500371ED3 /* Preview Assets.xcassets in Resources */ = {isa = PBXBuildFile; fileRef = EDF3D4BC26FD488500371ED3 /* Preview Assets.xcassets */; };
		EDF3D4C826FD488500371ED3 /* navigationTests.swift in Sources */ = {isa = PBXBuildFile; fileRef = EDF3D4C726FD488500371ED3 /* navigationTests.swift */; };
		EDF3D4D326FD488500371ED3 /* navigationUITests.swift in Sources */ = {isa = PBXBuildFile; fileRef = EDF3D4D226FD488500371ED3 /* navigationUITests.swift */; };
		EDF3D4E126FD489400371ED3 /* navigation.swift in Sources */ = {isa = PBXBuildFile; fileRef = EDF3D4E026FD489400371ED3 /* navigation.swift */; };
/* End PBXBuildFile section */

/* Begin PBXContainerItemProxy section */
		EDF3D4C426FD488500371ED3 /* PBXContainerItemProxy */ = {
			isa = PBXContainerItemProxy;
			containerPortal = EDF3D4AA26FD488200371ED3 /* Project object */;
			proxyType = 1;
			remoteGlobalIDString = EDF3D4B126FD488200371ED3;
			remoteInfo = navigation;
		};
		EDF3D4CF26FD488500371ED3 /* PBXContainerItemProxy */ = {
			isa = PBXContainerItemProxy;
			containerPortal = EDF3D4AA26FD488200371ED3 /* Project object */;
			proxyType = 1;
			remoteGlobalIDString = EDF3D4B126FD488200371ED3;
			remoteInfo = navigation;
		};
/* End PBXContainerItemProxy section */

/* Begin PBXFileReference section */
		EDF3D4B226FD488200371ED3 /* navigation.app */ = {isa = PBXFileReference; explicitFileType = wrapper.application; includeInIndex = 0; path = navigation.app; sourceTree = BUILT_PRODUCTS_DIR; };
		EDF3D4B526FD488200371ED3 /* navigationApp.swift */ = {isa = PBXFileReference; lastKnownFileType = sourcecode.swift; path = navigationApp.swift; sourceTree = "<group>"; };
		EDF3D4B726FD488200371ED3 /* ContentView.swift */ = {isa = PBXFileReference; lastKnownFileType = sourcecode.swift; path = ContentView.swift; sourceTree = "<group>"; };
		EDF3D4B926FD488500371ED3 /* Assets.xcassets */ = {isa = PBXFileReference; lastKnownFileType = folder.assetcatalog; path = Assets.xcassets; sourceTree = "<group>"; };
		EDF3D4BC26FD488500371ED3 /* Preview Assets.xcassets */ = {isa = PBXFileReference; lastKnownFileType = folder.assetcatalog; path = "Preview Assets.xcassets"; sourceTree = "<group>"; };
		EDF3D4BE26FD488500371ED3 /* Info.plist */ = {isa = PBXFileReference; lastKnownFileType = text.plist.xml; path = Info.plist; sourceTree = "<group>"; };
		EDF3D4C326FD488500371ED3 /* navigationTests.xctest */ = {isa = PBXFileReference; explicitFileType = wrapper.cfbundle; includeInIndex = 0; path = navigationTests.xctest; sourceTree = BUILT_PRODUCTS_DIR; };
		EDF3D4C726FD488500371ED3 /* navigationTests.swift */ = {isa = PBXFileReference; lastKnownFileType = sourcecode.swift; path = navigationTests.swift; sourceTree = "<group>"; };
		EDF3D4C926FD488500371ED3 /* Info.plist */ = {isa = PBXFileReference; lastKnownFileType = text.plist.xml; path = Info.plist; sourceTree = "<group>"; };
		EDF3D4CE26FD488500371ED3 /* navigationUITests.xctest */ = {isa = PBXFileReference; explicitFileType = wrapper.cfbundle; includeInIndex = 0; path = navigationUITests.xctest; sourceTree = BUILT_PRODUCTS_DIR; };
		EDF3D4D226FD488500371ED3 /* navigationUITests.swift */ = {isa = PBXFileReference; lastKnownFileType = sourcecode.swift; path = navigationUITests.swift; sourceTree = "<group>"; };
		EDF3D4D426FD488500371ED3 /* Info.plist */ = {isa = PBXFileReference; lastKnownFileType = text.plist.xml; path = Info.plist; sourceTree = "<group>"; };
		EDF3D4E026FD489400371ED3 /* navigation.swift */ = {isa = PBXFileReference; lastKnownFileType = sourcecode.swift; path = navigation.swift; sourceTree = "<group>"; };
/* End PBXFileReference section */

/* Begin PBXFrameworksBuildPhase section */
		EDF3D4AF26FD488200371ED3 /* Frameworks */ = {
			isa = PBXFrameworksBuildPhase;
			buildActionMask = 2147483647;
			files = (
			);
			runOnlyForDeploymentPostprocessing = 0;
		};
		EDF3D4C026FD488500371ED3 /* Frameworks */ = {
			isa = PBXFrameworksBuildPhase;
			buildActionMask = 2147483647;
			files = (
			);
			runOnlyForDeploymentPostprocessing = 0;
		};
		EDF3D4CB26FD488500371ED3 /* Frameworks */ = {
			isa = PBXFrameworksBuildPhase;
			buildActionMask = 2147483647;
			files = (
			);
			runOnlyForDeploymentPostprocessing = 0;
		};
/* End PBXFrameworksBuildPhase section */

/* Begin PBXGroup section */
		EDF3D4A926FD488200371ED3 = {
			isa = PBXGroup;
			children = (
				EDF3D4B426FD488200371ED3 /* navigation */,
				EDF3D4C626FD488500371ED3 /* navigationTests */,
				EDF3D4D126FD488500371ED3 /* navigationUITests */,
				EDF3D4B326FD488200371ED3 /* Products */,
			);
			sourceTree = "<group>";
		};
		EDF3D4B326FD488200371ED3 /* Products */ = {
			isa = PBXGroup;
			children = (
				EDF3D4B226FD488200371ED3 /* navigation.app */,
				EDF3D4C326FD488500371ED3 /* navigationTests.xctest */,
				EDF3D4CE26FD488500371ED3 /* navigationUITests.xctest */,
			);
			name = Products;
			sourceTree = "<group>";
		};
		EDF3D4B426FD488200371ED3 /* navigation */ = {
			isa = PBXGroup;
			children = (
				EDF3D4B526FD488200371ED3 /* navigationApp.swift */,
				EDF3D4B726FD488200371ED3 /* ContentView.swift */,
				EDF3D4E026FD489400371ED3 /* navigation.swift */,
				EDF3D4B926FD488500371ED3 /* Assets.xcassets */,
				EDF3D4BE26FD488500371ED3 /* Info.plist */,
				EDF3D4BB26FD488500371ED3 /* Preview Content */,
			);
			path = navigation;
			sourceTree = "<group>";
		};
		EDF3D4BB26FD488500371ED3 /* Preview Content */ = {
			isa = PBXGroup;
			children = (
				EDF3D4BC26FD488500371ED3 /* Preview Assets.xcassets */,
			);
			path = "Preview Content";
			sourceTree = "<group>";
		};
		EDF3D4C626FD488500371ED3 /* navigationTests */ = {
			isa = PBXGroup;
			children = (
				EDF3D4C726FD488500371ED3 /* navigationTests.swift */,
				EDF3D4C926FD488500371ED3 /* Info.plist */,
			);
			path = navigationTests;
			sourceTree = "<group>";
		};
		EDF3D4D126FD488500371ED3 /* navigationUITests */ = {
			isa = PBXGroup;
			children = (
				EDF3D4D226FD488500371ED3 /* navigationUITests.swift */,
				EDF3D4D426FD488500371ED3 /* Info.plist */,
			);
			path = navigationUITests;
			sourceTree = "<group>";
		};
/* End PBXGroup section */

/* Begin PBXNativeTarget section */
		EDF3D4B126FD488200371ED3 /* navigation */ = {
			isa = PBXNativeTarget;
			buildConfigurationList = EDF3D4D726FD488500371ED3 /* Build configuration list for PBXNativeTarget "navigation" */;
			buildPhases = (
				EDF3D4AE26FD488200371ED3 /* Sources */,
				EDF3D4AF26FD488200371ED3 /* Frameworks */,
				EDF3D4B026FD488200371ED3 /* Resources */,
			);
			buildRules = (
			);
			dependencies = (
			);
			name = navigation;
			productName = navigation;
			productReference = EDF3D4B226FD488200371ED3 /* navigation.app */;
			productType = "com.apple.product-type.application";
		};
		EDF3D4C226FD488500371ED3 /* navigationTests */ = {
			isa = PBXNativeTarget;
			buildConfigurationList = EDF3D4DA26FD488500371ED3 /* Build configuration list for PBXNativeTarget "navigationTests" */;
			buildPhases = (
				EDF3D4BF26FD488500371ED3 /* Sources */,
				EDF3D4C026FD488500371ED3 /* Frameworks */,
				EDF3D4C126FD488500371ED3 /* Resources */,
			);
			buildRules = (
			);
			dependencies = (
				EDF3D4C526FD488500371ED3 /* PBXTargetDependency */,
			);
			name = navigationTests;
			productName = navigationTests;
			productReference = EDF3D4C326FD488500371ED3 /* navigationTests.xctest */;
			productType = "com.apple.product-type.bundle.unit-test";
		};
		EDF3D4CD26FD488500371ED3 /* navigationUITests */ = {
			isa = PBXNativeTarget;
			buildConfigurationList = EDF3D4DD26FD488500371ED3 /* Build configuration list for PBXNativeTarget "navigationUITests" */;
			buildPhases = (
				EDF3D4CA26FD488500371ED3 /* Sources */,
				EDF3D4CB26FD488500371ED3 /* Frameworks */,
				EDF3D4CC26FD488500371ED3 /* Resources */,
			);
			buildRules = (
			);
			dependencies = (
				EDF3D4D026FD488500371ED3 /* PBXTargetDependency */,
			);
			name = navigationUITests;
			productName = navigationUITests;
			productReference = EDF3D4CE26FD488500371ED3 /* navigationUITests.xctest */;
			productType = "com.apple.product-type.bundle.ui-testing";
		};
/* End PBXNativeTarget section */

/* Begin PBXProject section */
		EDF3D4AA26FD488200371ED3 /* Project object */ = {
			isa = PBXProject;
			attributes = {
				LastSwiftUpdateCheck = 1250;
				LastUpgradeCheck = 1250;
				TargetAttributes = {
					EDF3D4B126FD488200371ED3 = {
						CreatedOnToolsVersion = 12.5.1;
					};
					EDF3D4C226FD488500371ED3 = {
						CreatedOnToolsVersion = 12.5.1;
						TestTargetID = EDF3D4B126FD488200371ED3;
					};
					EDF3D4CD26FD488500371ED3 = {
						CreatedOnToolsVersion = 12.5.1;
						TestTargetID = EDF3D4B126FD488200371ED3;
					};
				};
			};
			buildConfigurationList = EDF3D4AD26FD488200371ED3 /* Build configuration list for PBXProject "navigation" */;
			compatibilityVersion = "Xcode 9.3";
			developmentRegion = en;
			hasScannedForEncodings = 0;
			knownRegions = (
				en,
				Base,
			);
			mainGroup = EDF3D4A926FD488200371ED3;
			productRefGroup = EDF3D4B326FD488200371ED3 /* Products */;
			projectDirPath = "";
			projectRoot = "";
			targets = (
				EDF3D4B126FD488200371ED3 /* navigation */,
				EDF3D4C226FD488500371ED3 /* navigationTests */,
				EDF3D4CD26FD488500371ED3 /* navigationUITests */,
			);
		};
/* End PBXProject section */

/* Begin PBXResourcesBuildPhase section */
		EDF3D4B026FD488200371ED3 /* Resources */ = {
			isa = PBXResourcesBuildPhase;
			buildActionMask = 2147483647;
			files = (
				EDF3D4BD26FD488500371ED3 /* Preview Assets.xcassets in Resources */,
				EDF3D4BA26FD488500371ED3 /* Assets.xcassets in Resources */,
			);
			runOnlyForDeploymentPostprocessing = 0;
		};
		EDF3D4C126FD488500371ED3 /* Resources */ = {
			isa = PBXResourcesBuildPhase;
			buildActionMask = 2147483647;
			files = (
			);
			runOnlyForDeploymentPostprocessing = 0;
		};
		EDF3D4CC26FD488500371ED3 /* Resources */ = {
			isa = PBXResourcesBuildPhase;
			buildActionMask = 2147483647;
			files = (
			);
			runOnlyForDeploymentPostprocessing = 0;
		};
/* End PBXResourcesBuildPhase section */

/* Begin PBXSourcesBuildPhase section */
		EDF3D4AE26FD488200371ED3 /* Sources */ = {
			isa = PBXSourcesBuildPhase;
			buildActionMask = 2147483647;
			files = (
				EDF3D4B826FD488200371ED3 /* ContentView.swift in Sources */,
				EDF3D4E126FD489400371ED3 /* navigation.swift in Sources */,
				EDF3D4B626FD488200371ED3 /* navigationApp.swift in Sources */,
			);
			runOnlyForDeploymentPostprocessing = 0;
		};
		EDF3D4BF26FD488500371ED3 /* Sources */ = {
			isa = PBXSourcesBuildPhase;
			buildActionMask = 2147483647;
			files = (
				EDF3D4C826FD488500371ED3 /* navigationTests.swift in Sources */,
			);
			runOnlyForDeploymentPostprocessing = 0;
		};
		EDF3D4CA26FD488500371ED3 /* Sources */ = {
			isa = PBXSourcesBuildPhase;
			buildActionMask = 2147483647;
			files = (
				EDF3D4D326FD488500371ED3 /* navigationUITests.swift in Sources */,
			);
			runOnlyForDeploymentPostprocessing = 0;
		};
/* End PBXSourcesBuildPhase section */

/* Begin PBXTargetDependency section */
		EDF3D4C526FD488500371ED3 /* PBXTargetDependency */ = {
			isa = PBXTargetDependency;
			target = EDF3D4B126FD488200371ED3 /* navigation */;
			targetProxy = EDF3D4C426FD488500371ED3 /* PBXContainerItemProxy */;
		};
		EDF3D4D026FD488500371ED3 /* PBXTargetDependency */ = {
			isa = PBXTargetDependency;
			target = EDF3D4B126FD488200371ED3 /* navigation */;
			targetProxy = EDF3D4CF26FD488500371ED3 /* PBXContainerItemProxy */;
		};
/* End PBXTargetDependency section */

/* Begin XCBuildConfiguration section */
		EDF3D4D526FD488500371ED3 /* Debug */ = {
			isa = XCBuildConfiguration;
			buildSettings = {
				ALWAYS_SEARCH_USER_PATHS = NO;
				CLANG_ANALYZER_NONNULL = YES;
				CLANG_ANALYZER_NUMBER_OBJECT_CONVERSION = YES_AGGRESSIVE;
				CLANG_CXX_LANGUAGE_STANDARD = "gnu++14";
				CLANG_CXX_LIBRARY = "libc++";
				CLANG_ENABLE_MODULES = YES;
				CLANG_ENABLE_OBJC_ARC = YES;
				CLANG_ENABLE_OBJC_WEAK = YES;
				CLANG_WARN_BLOCK_CAPTURE_AUTORELEASING = YES;
				CLANG_WARN_BOOL_CONVERSION = YES;
				CLANG_WARN_COMMA = YES;
				CLANG_WARN_CONSTANT_CONVERSION = YES;
				CLANG_WARN_DEPRECATED_OBJC_IMPLEMENTATIONS = YES;
				CLANG_WARN_DIRECT_OBJC_ISA_USAGE = YES_ERROR;
				CLANG_WARN_DOCUMENTATION_COMMENTS = YES;
				CLANG_WARN_EMPTY_BODY = YES;
				CLANG_WARN_ENUM_CONVERSION = YES;
				CLANG_WARN_INFINITE_RECURSION = YES;
				CLANG_WARN_INT_CONVERSION = YES;
				CLANG_WARN_NON_LITERAL_NULL_CONVERSION = YES;
				CLANG_WARN_OBJC_IMPLICIT_RETAIN_SELF = YES;
				CLANG_WARN_OBJC_LITERAL_CONVERSION = YES;
				CLANG_WARN_OBJC_ROOT_CLASS = YES_ERROR;
				CLANG_WARN_QUOTED_INCLUDE_IN_FRAMEWORK_HEADER = YES;
				CLANG_WARN_RANGE_LOOP_ANALYSIS = YES;
				CLANG_WARN_STRICT_PROTOTYPES = YES;
				CLANG_WARN_SUSPICIOUS_MOVE = YES;
				CLANG_WARN_UNGUARDED_AVAILABILITY = YES_AGGRESSIVE;
				CLANG_WARN_UNREACHABLE_CODE = YES;
				CLANG_WARN__DUPLICATE_METHOD_MATCH = YES;
				COPY_PHASE_STRIP = NO;
				DEBUG_INFORMATION_FORMAT = dwarf;
				ENABLE_STRICT_OBJC_MSGSEND = YES;
				ENABLE_TESTABILITY = YES;
				GCC_C_LANGUAGE_STANDARD = gnu11;
				GCC_DYNAMIC_NO_PIC = NO;
				GCC_NO_COMMON_BLOCKS = YES;
				GCC_OPTIMIZATION_LEVEL = 0;
				GCC_PREPROCESSOR_DEFINITIONS = (
					"DEBUG=1",
					"$(inherited)",
				);
				GCC_WARN_64_TO_32_BIT_CONVERSION = YES;
				GCC_WARN_ABOUT_RETURN_TYPE = YES_ERROR;
				GCC_WARN_UNDECLARED_SELECTOR = YES;
				GCC_WARN_UNINITIALIZED_AUTOS = YES_AGGRESSIVE;
				GCC_WARN_UNUSED_FUNCTION = YES;
				GCC_WARN_UNUSED_VARIABLE = YES;
				IPHONEOS_DEPLOYMENT_TARGET = 14.5;
				MTL_ENABLE_DEBUG_INFO = INCLUDE_SOURCE;
				MTL_FAST_MATH = YES;
				ONLY_ACTIVE_ARCH = YES;
				SDKROOT = iphoneos;
				SWIFT_ACTIVE_COMPILATION_CONDITIONS = DEBUG;
				SWIFT_OPTIMIZATION_LEVEL = "-Onone";
			};
			name = Debug;
		};
		EDF3D4D626FD488500371ED3 /* Release */ = {
			isa = XCBuildConfiguration;
			buildSettings = {
				ALWAYS_SEARCH_USER_PATHS = NO;
				CLANG_ANALYZER_NONNULL = YES;
				CLANG_ANALYZER_NUMBER_OBJECT_CONVERSION = YES_AGGRESSIVE;
				CLANG_CXX_LANGUAGE_STANDARD = "gnu++14";
				CLANG_CXX_LIBRARY = "libc++";
				CLANG_ENABLE_MODULES = YES;
				CLANG_ENABLE_OBJC_ARC = YES;
				CLANG_ENABLE_OBJC_WEAK = YES;
				CLANG_WARN_BLOCK_CAPTURE_AUTORELEASING = YES;
				CLANG_WARN_BOOL_CONVERSION = YES;
				CLANG_WARN_COMMA = YES;
				CLANG_WARN_CONSTANT_CONVERSION = YES;
				CLANG_WARN_DEPRECATED_OBJC_IMPLEMENTATIONS = YES;
				CLANG_WARN_DIRECT_OBJC_ISA_USAGE = YES_ERROR;
				CLANG_WARN_DOCUMENTATION_COMMENTS = YES;
				CLANG_WARN_EMPTY_BODY = YES;
				CLANG_WARN_ENUM_CONVERSION = YES;
				CLANG_WARN_INFINITE_RECURSION = YES;
				CLANG_WARN_INT_CONVERSION = YES;
				CLANG_WARN_NON_LITERAL_NULL_CONVERSION = YES;
				CLANG_WARN_OBJC_IMPLICIT_RETAIN_SELF = YES;
				CLANG_WARN_OBJC_LITERAL_CONVERSION = YES;
				CLANG_WARN_OBJC_ROOT_CLASS = YES_ERROR;
				CLANG_WARN_QUOTED_INCLUDE_IN_FRAMEWORK_HEADER = YES;
				CLANG_WARN_RANGE_LOOP_ANALYSIS = YES;
				CLANG_WARN_STRICT_PROTOTYPES = YES;
				CLANG_WARN_SUSPICIOUS_MOVE = YES;
				CLANG_WARN_UNGUARDED_AVAILABILITY = YES_AGGRESSIVE;
				CLANG_WARN_UNREACHABLE_CODE = YES;
				CLANG_WARN__DUPLICATE_METHOD_MATCH = YES;
				COPY_PHASE_STRIP = NO;
				DEBUG_INFORMATION_FORMAT = "dwarf-with-dsym";
				ENABLE_NS_ASSERTIONS = NO;
				ENABLE_STRICT_OBJC_MSGSEND = YES;
				GCC_C_LANGUAGE_STANDARD = gnu11;
				GCC_NO_COMMON_BLOCKS = YES;
				GCC_WARN_64_TO_32_BIT_CONVERSION = YES;
				GCC_WARN_ABOUT_RETURN_TYPE = YES_ERROR;
				GCC_WARN_UNDECLARED_SELECTOR = YES;
				GCC_WARN_UNINITIALIZED_AUTOS = YES_AGGRESSIVE;
				GCC_WARN_UNUSED_FUNCTION = YES;
				GCC_WARN_UNUSED_VARIABLE = YES;
				IPHONEOS_DEPLOYMENT_TARGET = 14.5;
				MTL_ENABLE_DEBUG_INFO = NO;
				MTL_FAST_MATH = YES;
				SDKROOT = iphoneos;
				SWIFT_COMPILATION_MODE = wholemodule;
				SWIFT_OPTIMIZATION_LEVEL = "-O";
				VALIDATE_PRODUCT = YES;
			};
			name = Release;
		};
		EDF3D4D826FD488500371ED3 /* Debug */ = {
			isa = XCBuildConfiguration;
			buildSettings = {
				ASSETCATALOG_COMPILER_APPICON_NAME = AppIcon;
				ASSETCATALOG_COMPILER_GLOBAL_ACCENT_COLOR_NAME = AccentColor;
				CODE_SIGN_STYLE = Automatic;
				DEVELOPMENT_ASSET_PATHS = "\"navigation/Preview Content\"";
				ENABLE_PREVIEWS = YES;
				INFOPLIST_FILE = navigation/Info.plist;
				IPHONEOS_DEPLOYMENT_TARGET = 14.0;
				LD_RUNPATH_SEARCH_PATHS = (
					"$(inherited)",
					"@executable_path/Frameworks",
				);
				PRODUCT_BUNDLE_IDENTIFIER = com.mabrouki.navigation;
				PRODUCT_NAME = "$(TARGET_NAME)";
				SWIFT_VERSION = 5.0;
				TARGETED_DEVICE_FAMILY = "1,2";
			};
			name = Debug;
		};
		EDF3D4D926FD488500371ED3 /* Release */ = {
			isa = XCBuildConfiguration;
			buildSettings = {
				ASSETCATALOG_COMPILER_APPICON_NAME = AppIcon;
				ASSETCATALOG_COMPILER_GLOBAL_ACCENT_COLOR_NAME = AccentColor;
				CODE_SIGN_STYLE = Automatic;
				DEVELOPMENT_ASSET_PATHS = "\"navigation/Preview Content\"";
				ENABLE_PREVIEWS = YES;
				INFOPLIST_FILE = navigation/Info.plist;
				IPHONEOS_DEPLOYMENT_TARGET = 14.0;
				LD_RUNPATH_SEARCH_PATHS = (
					"$(inherited)",
					"@executable_path/Frameworks",
				);
				PRODUCT_BUNDLE_IDENTIFIER = com.mabrouki.navigation;
				PRODUCT_NAME = "$(TARGET_NAME)";
				SWIFT_VERSION = 5.0;
				TARGETED_DEVICE_FAMILY = "1,2";
			};
			name = Release;
		};
		EDF3D4DB26FD488500371ED3 /* Debug */ = {
			isa = XCBuildConfiguration;
			buildSettings = {
				ALWAYS_EMBED_SWIFT_STANDARD_LIBRARIES = YES;
				BUNDLE_LOADER = "$(TEST_HOST)";
				CODE_SIGN_STYLE = Automatic;
				INFOPLIST_FILE = navigationTests/Info.plist;
				IPHONEOS_DEPLOYMENT_TARGET = 14.0;
				LD_RUNPATH_SEARCH_PATHS = (
					"$(inherited)",
					"@executable_path/Frameworks",
					"@loader_path/Frameworks",
				);
				PRODUCT_BUNDLE_IDENTIFIER = com.mabrouki.navigationTests;
				PRODUCT_NAME = "$(TARGET_NAME)";
				SWIFT_VERSION = 5.0;
				TARGETED_DEVICE_FAMILY = "1,2";
				TEST_HOST = "$(BUILT_PRODUCTS_DIR)/navigation.app/navigation";
			};
			name = Debug;
		};
		EDF3D4DC26FD488500371ED3 /* Release */ = {
			isa = XCBuildConfiguration;
			buildSettings = {
				ALWAYS_EMBED_SWIFT_STANDARD_LIBRARIES = YES;
				BUNDLE_LOADER = "$(TEST_HOST)";
				CODE_SIGN_STYLE = Automatic;
				INFOPLIST_FILE = navigationTests/Info.plist;
				IPHONEOS_DEPLOYMENT_TARGET = 14.0;
				LD_RUNPATH_SEARCH_PATHS = (
					"$(inherited)",
					"@executable_path/Frameworks",
					"@loader_path/Frameworks",
				);
				PRODUCT_BUNDLE_IDENTIFIER = com.mabrouki.navigationTests;
				PRODUCT_NAME = "$(TARGET_NAME)";
				SWIFT_VERSION = 5.0;
				TARGETED_DEVICE_FAMILY = "1,2";
				TEST_HOST = "$(BUILT_PRODUCTS_DIR)/navigation.app/navigation";
			};
			name = Release;
		};
		EDF3D4DE26FD488500371ED3 /* Debug */ = {
			isa = XCBuildConfiguration;
			buildSettings = {
				ALWAYS_EMBED_SWIFT_STANDARD_LIBRARIES = YES;
				CODE_SIGN_STYLE = Automatic;
				INFOPLIST_FILE = navigationUITests/Info.plist;
				LD_RUNPATH_SEARCH_PATHS = (
					"$(inherited)",
					"@executable_path/Frameworks",
					"@loader_path/Frameworks",
				);
				PRODUCT_BUNDLE_IDENTIFIER = com.mabrouki.navigationUITests;
				PRODUCT_NAME = "$(TARGET_NAME)";
				SWIFT_VERSION = 5.0;
				TARGETED_DEVICE_FAMILY = "1,2";
				TEST_TARGET_NAME = navigation;
			};
			name = Debug;
		};
		EDF3D4DF26FD488500371ED3 /* Release */ = {
			isa = XCBuildConfiguration;
			buildSettings = {
				ALWAYS_EMBED_SWIFT_STANDARD_LIBRARIES = YES;
				CODE_SIGN_STYLE = Automatic;
				INFOPLIST_FILE = navigationUITests/Info.plist;
				LD_RUNPATH_SEARCH_PATHS = (
					"$(inherited)",
					"@executable_path/Frameworks",
					"@loader_path/Frameworks",
				);
				PRODUCT_BUNDLE_IDENTIFIER = com.mabrouki.navigationUITests;
				PRODUCT_NAME = "$(TARGET_NAME)";
				SWIFT_VERSION = 5.0;
				TARGETED_DEVICE_FAMILY = "1,2";
				TEST_TARGET_NAME = navigation;
			};
			name = Release;
		};
/* End XCBuildConfiguration section */

/* Begin XCConfigurationList section */
		EDF3D4AD26FD488200371ED3 /* Build configuration list for PBXProject "navigation" */ = {
			isa = XCConfigurationList;
			buildConfigurations = (
				EDF3D4D526FD488500371ED3 /* Debug */,
				EDF3D4D626FD488500371ED3 /* Release */,
			);
			defaultConfigurationIsVisible = 0;
			defaultConfigurationName = Release;
		};
		EDF3D4D726FD488500371ED3 /* Build configuration list for PBXNativeTarget "navigation" */ = {
			isa = XCConfigurationList;
			buildConfigurations = (
				EDF3D4D826FD488500371ED3 /* Debug */,
				EDF3D4D926FD488500371ED3 /* Release */,
			);
			defaultConfigurationIsVisible = 0;
			defaultConfigurationName = Release;
		};
		EDF3D4DA26FD488500371ED3 /* Build configuration list for PBXNativeTarget "navigationTests" */ = {
			isa = XCConfigurationList;
			buildConfigurations = (
				EDF3D4DB26FD488500371ED3 /* Debug */,
				EDF3D4DC26FD488500371ED3 /* Release */,
			);
			defaultConfigurationIsVisible = 0;
			defaultConfigurationName = Release;
		};
		EDF3D4DD26FD488500371ED3 /* Build configuration list for PBXNativeTarget "navigationUITests" */ = {
			isa = XCConfigurationList;
			buildConfigurations = (
				EDF3D4DE26FD488500371ED3 /* Debug */,
				EDF3D4DF26FD488500371ED3 /* Release */,
			);
			defaultConfigurationIsVisible = 0;
			defaultConfigurationName = Release;
		};
/* End XCConfigurationList section */
	};
	rootObject = EDF3D4AA26FD488200371ED3 /* Project object */;
}
